// !$*UTF8*$!
{
	archiveVersion = 1;
	classes = {
	};
	objectVersion = 46;
	objects = {

/* Begin PBXBuildFile section */
		24064A131E76C7530006E2D4 /* FiringComponent.swift in Sources */ = {isa = PBXBuildFile; fileRef = 24064A121E76C7530006E2D4 /* FiringComponent.swift */; };
		24064A151E76C9720006E2D4 /* Laser.swift in Sources */ = {isa = PBXBuildFile; fileRef = 24064A141E76C9720006E2D4 /* Laser.swift */; };
		24064A171E76D9670006E2D4 /* Projectiles.swift in Sources */ = {isa = PBXBuildFile; fileRef = 24064A161E76D9670006E2D4 /* Projectiles.swift */; };
		2422A1CD1E7052F600CE2B84 /* AppDelegate.swift in Sources */ = {isa = PBXBuildFile; fileRef = 2422A1CC1E7052F600CE2B84 /* AppDelegate.swift */; };
		2422A1CF1E7052F600CE2B84 /* GamePlayScene.sks in Resources */ = {isa = PBXBuildFile; fileRef = 2422A1CE1E7052F600CE2B84 /* GamePlayScene.sks */; };
		2422A1D11E7052F600CE2B84 /* Actions.sks in Resources */ = {isa = PBXBuildFile; fileRef = 2422A1D01E7052F600CE2B84 /* Actions.sks */; };
		2422A1D31E7052F600CE2B84 /* GamePlayScene.swift in Sources */ = {isa = PBXBuildFile; fileRef = 2422A1D21E7052F600CE2B84 /* GamePlayScene.swift */; };
		2422A1D51E7052F600CE2B84 /* GameViewController.swift in Sources */ = {isa = PBXBuildFile; fileRef = 2422A1D41E7052F600CE2B84 /* GameViewController.swift */; };
		2422A1D81E7052F600CE2B84 /* Main.storyboard in Resources */ = {isa = PBXBuildFile; fileRef = 2422A1D61E7052F600CE2B84 /* Main.storyboard */; };
		2422A1DA1E7052F600CE2B84 /* Assets.xcassets in Resources */ = {isa = PBXBuildFile; fileRef = 2422A1D91E7052F600CE2B84 /* Assets.xcassets */; };
		2422A1DD1E7052F600CE2B84 /* LaunchScreen.storyboard in Resources */ = {isa = PBXBuildFile; fileRef = 2422A1DB1E7052F600CE2B84 /* LaunchScreen.storyboard */; };
		2422A1E81E7052F700CE2B84 /* DriftTests.swift in Sources */ = {isa = PBXBuildFile; fileRef = 2422A1E71E7052F700CE2B84 /* DriftTests.swift */; };
		2422A1F31E7052F700CE2B84 /* DriftUITests.swift in Sources */ = {isa = PBXBuildFile; fileRef = 2422A1F21E7052F700CE2B84 /* DriftUITests.swift */; };
		2422A20A1E7055F100CE2B84 /* Tiles.swift in Sources */ = {isa = PBXBuildFile; fileRef = 2422A2091E7055F100CE2B84 /* Tiles.swift */; };
		2422A2151E7059DA00CE2B84 /* BackgroundTiles.sks in Resources */ = {isa = PBXBuildFile; fileRef = 2422A2131E7059DA00CE2B84 /* BackgroundTiles.sks */; };
		2422A2161E7059DA00CE2B84 /* Assets.xcassets in Resources */ = {isa = PBXBuildFile; fileRef = 2422A2141E7059DA00CE2B84 /* Assets.xcassets */; };
		248667A61E707A4A00B8CE7D /* Sprites.swift in Sources */ = {isa = PBXBuildFile; fileRef = 248667A51E707A4A00B8CE7D /* Sprites.swift */; };
		248667A91E70E0F100B8CE7D /* Int+Random.swift in Sources */ = {isa = PBXBuildFile; fileRef = 248667A81E70E0F100B8CE7D /* Int+Random.swift */; };
		248667AB1E70F47300B8CE7D /* CGFloat+Operations.swift in Sources */ = {isa = PBXBuildFile; fileRef = 248667AA1E70F47300B8CE7D /* CGFloat+Operations.swift */; };
		248667AE1E70FC7400B8CE7D /* EntityManager.swift in Sources */ = {isa = PBXBuildFile; fileRef = 248667AD1E70FC7400B8CE7D /* EntityManager.swift */; };
		248667B21E70FCEB00B8CE7D /* MoveComponent.swift in Sources */ = {isa = PBXBuildFile; fileRef = 248667B11E70FCEB00B8CE7D /* MoveComponent.swift */; };
		248667B41E70FCF900B8CE7D /* SpriteComponent.swift in Sources */ = {isa = PBXBuildFile; fileRef = 248667B31E70FCF900B8CE7D /* SpriteComponent.swift */; };
		248667B71E7105FB00B8CE7D /* Vehicle.swift in Sources */ = {isa = PBXBuildFile; fileRef = 248667B61E7105FA00B8CE7D /* Vehicle.swift */; };
		248667B91E7118CD00B8CE7D /* Direction.swift in Sources */ = {isa = PBXBuildFile; fileRef = 248667B81E7118CD00B8CE7D /* Direction.swift */; };
		248667BB1E711FF900B8CE7D /* CGPath+Constructor.swift in Sources */ = {isa = PBXBuildFile; fileRef = 248667BA1E711FF800B8CE7D /* CGPath+Constructor.swift */; };
		248667BF1E712E7100B8CE7D /* ColliderType.swift in Sources */ = {isa = PBXBuildFile; fileRef = 248667BE1E712E7100B8CE7D /* ColliderType.swift */; };
		248667C11E71584B00B8CE7D /* CGVector+Operations.swift in Sources */ = {isa = PBXBuildFile; fileRef = 248667C01E71584B00B8CE7D /* CGVector+Operations.swift */; };
		ABDF490B1E730F77004EEC4C /* AIRacer.swift in Sources */ = {isa = PBXBuildFile; fileRef = ABDF490A1E730F77004EEC4C /* AIRacer.swift */; };
		ABDF490D1E73262D004EEC4C /* CGPoint+Constructor.swift in Sources */ = {isa = PBXBuildFile; fileRef = ABDF490C1E73262D004EEC4C /* CGPoint+Constructor.swift */; };
		ABDF490F1E73268A004EEC4C /* float2+Constructor.swift in Sources */ = {isa = PBXBuildFile; fileRef = ABDF490E1E73268A004EEC4C /* float2+Constructor.swift */; };
		ABDF49111E732745004EEC4C /* AIRacerMoveBehavior.swift in Sources */ = {isa = PBXBuildFile; fileRef = ABDF49101E732745004EEC4C /* AIRacerMoveBehavior.swift */; };
		FA5776381E74FFDC00853225 /* PlayerRacer.swift in Sources */ = {isa = PBXBuildFile; fileRef = FA5776371E74FFDC00853225 /* PlayerRacer.swift */; };
		FA57763A1E750B9C00853225 /* AgentMoveType.swift in Sources */ = {isa = PBXBuildFile; fileRef = FA5776391E750B9C00853225 /* AgentMoveType.swift */; };
		FAA99D6C1E763F2400F45192 /* Movement.swift in Sources */ = {isa = PBXBuildFile; fileRef = FAA99D6B1E763F2400F45192 /* Movement.swift */; };
/* End PBXBuildFile section */

/* Begin PBXContainerItemProxy section */
		2422A1E41E7052F700CE2B84 /* PBXContainerItemProxy */ = {
			isa = PBXContainerItemProxy;
			containerPortal = 2422A1C11E7052F600CE2B84 /* Project object */;
			proxyType = 1;
			remoteGlobalIDString = 2422A1C81E7052F600CE2B84;
			remoteInfo = Drift;
		};
		2422A1EF1E7052F700CE2B84 /* PBXContainerItemProxy */ = {
			isa = PBXContainerItemProxy;
			containerPortal = 2422A1C11E7052F600CE2B84 /* Project object */;
			proxyType = 1;
			remoteGlobalIDString = 2422A1C81E7052F600CE2B84;
			remoteInfo = Drift;
		};
/* End PBXContainerItemProxy section */

/* Begin PBXFileReference section */
		24064A121E76C7530006E2D4 /* FiringComponent.swift */ = {isa = PBXFileReference; fileEncoding = 4; lastKnownFileType = sourcecode.swift; name = FiringComponent.swift; path = Components/FiringComponent.swift; sourceTree = "<group>"; };
		24064A141E76C9720006E2D4 /* Laser.swift */ = {isa = PBXFileReference; fileEncoding = 4; lastKnownFileType = sourcecode.swift; name = Laser.swift; path = Entities/Laser.swift; sourceTree = "<group>"; };
		24064A161E76D9670006E2D4 /* Projectiles.swift */ = {isa = PBXFileReference; fileEncoding = 4; lastKnownFileType = sourcecode.swift; name = Projectiles.swift; path = Constants/Projectiles.swift; sourceTree = "<group>"; };
		2422A1C91E7052F600CE2B84 /* Drift.app */ = {isa = PBXFileReference; explicitFileType = wrapper.application; includeInIndex = 0; path = Drift.app; sourceTree = BUILT_PRODUCTS_DIR; };
		2422A1CC1E7052F600CE2B84 /* AppDelegate.swift */ = {isa = PBXFileReference; lastKnownFileType = sourcecode.swift; path = AppDelegate.swift; sourceTree = "<group>"; };
		2422A1CE1E7052F600CE2B84 /* GamePlayScene.sks */ = {isa = PBXFileReference; lastKnownFileType = file.sks; name = GamePlayScene.sks; path = Drift/GamePlayScene.sks; sourceTree = "<group>"; };
		2422A1D01E7052F600CE2B84 /* Actions.sks */ = {isa = PBXFileReference; lastKnownFileType = file.sks; path = Actions.sks; sourceTree = "<group>"; };
		2422A1D21E7052F600CE2B84 /* GamePlayScene.swift */ = {isa = PBXFileReference; lastKnownFileType = sourcecode.swift; name = GamePlayScene.swift; path = Drift/GamePlayScene.swift; sourceTree = "<group>"; };
		2422A1D41E7052F600CE2B84 /* GameViewController.swift */ = {isa = PBXFileReference; lastKnownFileType = sourcecode.swift; path = GameViewController.swift; sourceTree = "<group>"; };
		2422A1D71E7052F600CE2B84 /* Base */ = {isa = PBXFileReference; lastKnownFileType = file.storyboard; name = Base; path = Base.lproj/Main.storyboard; sourceTree = "<group>"; };
		2422A1D91E7052F600CE2B84 /* Assets.xcassets */ = {isa = PBXFileReference; lastKnownFileType = folder.assetcatalog; path = Assets.xcassets; sourceTree = "<group>"; };
		2422A1DC1E7052F600CE2B84 /* Base */ = {isa = PBXFileReference; lastKnownFileType = file.storyboard; name = Base; path = Base.lproj/LaunchScreen.storyboard; sourceTree = "<group>"; };
		2422A1DE1E7052F600CE2B84 /* Info.plist */ = {isa = PBXFileReference; lastKnownFileType = text.plist.xml; path = Info.plist; sourceTree = "<group>"; };
		2422A1E31E7052F700CE2B84 /* DriftTests.xctest */ = {isa = PBXFileReference; explicitFileType = wrapper.cfbundle; includeInIndex = 0; path = DriftTests.xctest; sourceTree = BUILT_PRODUCTS_DIR; };
		2422A1E71E7052F700CE2B84 /* DriftTests.swift */ = {isa = PBXFileReference; lastKnownFileType = sourcecode.swift; path = DriftTests.swift; sourceTree = "<group>"; };
		2422A1E91E7052F700CE2B84 /* Info.plist */ = {isa = PBXFileReference; lastKnownFileType = text.plist.xml; path = Info.plist; sourceTree = "<group>"; };
		2422A1EE1E7052F700CE2B84 /* DriftUITests.xctest */ = {isa = PBXFileReference; explicitFileType = wrapper.cfbundle; includeInIndex = 0; path = DriftUITests.xctest; sourceTree = BUILT_PRODUCTS_DIR; };
		2422A1F21E7052F700CE2B84 /* DriftUITests.swift */ = {isa = PBXFileReference; lastKnownFileType = sourcecode.swift; path = DriftUITests.swift; sourceTree = "<group>"; };
		2422A1F41E7052F700CE2B84 /* Info.plist */ = {isa = PBXFileReference; lastKnownFileType = text.plist.xml; path = Info.plist; sourceTree = "<group>"; };
		2422A2091E7055F100CE2B84 /* Tiles.swift */ = {isa = PBXFileReference; fileEncoding = 4; lastKnownFileType = sourcecode.swift; name = Tiles.swift; path = Constants/Tiles.swift; sourceTree = "<group>"; };
		2422A2131E7059DA00CE2B84 /* BackgroundTiles.sks */ = {isa = PBXFileReference; lastKnownFileType = file.sks; name = BackgroundTiles.sks; path = Tiles/BackgroundTiles.sks; sourceTree = "<group>"; };
		2422A2141E7059DA00CE2B84 /* Assets.xcassets */ = {isa = PBXFileReference; lastKnownFileType = folder.assetcatalog; name = Assets.xcassets; path = Tiles/Assets.xcassets; sourceTree = "<group>"; };
		248667A51E707A4A00B8CE7D /* Sprites.swift */ = {isa = PBXFileReference; fileEncoding = 4; lastKnownFileType = sourcecode.swift; name = Sprites.swift; path = Constants/Sprites.swift; sourceTree = "<group>"; };
		248667A81E70E0F100B8CE7D /* Int+Random.swift */ = {isa = PBXFileReference; fileEncoding = 4; lastKnownFileType = sourcecode.swift; name = "Int+Random.swift"; path = "Extensions/Int+Random.swift"; sourceTree = "<group>"; };
		248667AA1E70F47300B8CE7D /* CGFloat+Operations.swift */ = {isa = PBXFileReference; fileEncoding = 4; lastKnownFileType = sourcecode.swift; name = "CGFloat+Operations.swift"; path = "Extensions/CGFloat+Operations.swift"; sourceTree = "<group>"; };
		248667AD1E70FC7400B8CE7D /* EntityManager.swift */ = {isa = PBXFileReference; fileEncoding = 4; lastKnownFileType = sourcecode.swift; name = EntityManager.swift; path = Entities/EntityManager.swift; sourceTree = "<group>"; };
		248667B11E70FCEB00B8CE7D /* MoveComponent.swift */ = {isa = PBXFileReference; fileEncoding = 4; lastKnownFileType = sourcecode.swift; name = MoveComponent.swift; path = Components/MoveComponent.swift; sourceTree = "<group>"; };
		248667B31E70FCF900B8CE7D /* SpriteComponent.swift */ = {isa = PBXFileReference; fileEncoding = 4; lastKnownFileType = sourcecode.swift; path = SpriteComponent.swift; sourceTree = "<group>"; };
		248667B61E7105FA00B8CE7D /* Vehicle.swift */ = {isa = PBXFileReference; fileEncoding = 4; lastKnownFileType = sourcecode.swift; name = Vehicle.swift; path = Sprites/Vehicle.swift; sourceTree = "<group>"; };
		248667B81E7118CD00B8CE7D /* Direction.swift */ = {isa = PBXFileReference; fileEncoding = 4; lastKnownFileType = sourcecode.swift; name = Direction.swift; path = Constants/Direction.swift; sourceTree = "<group>"; };
		248667BA1E711FF800B8CE7D /* CGPath+Constructor.swift */ = {isa = PBXFileReference; fileEncoding = 4; lastKnownFileType = sourcecode.swift; name = "CGPath+Constructor.swift"; path = "Extensions/CGPath+Constructor.swift"; sourceTree = "<group>"; };
		248667BE1E712E7100B8CE7D /* ColliderType.swift */ = {isa = PBXFileReference; fileEncoding = 4; lastKnownFileType = sourcecode.swift; name = ColliderType.swift; path = Constants/ColliderType.swift; sourceTree = "<group>"; };
		248667C01E71584B00B8CE7D /* CGVector+Operations.swift */ = {isa = PBXFileReference; fileEncoding = 4; lastKnownFileType = sourcecode.swift; name = "CGVector+Operations.swift"; path = "Extensions/CGVector+Operations.swift"; sourceTree = "<group>"; };
		ABDF490A1E730F77004EEC4C /* AIRacer.swift */ = {isa = PBXFileReference; fileEncoding = 4; lastKnownFileType = sourcecode.swift; path = AIRacer.swift; sourceTree = "<group>"; };
		ABDF490C1E73262D004EEC4C /* CGPoint+Constructor.swift */ = {isa = PBXFileReference; fileEncoding = 4; lastKnownFileType = sourcecode.swift; path = "CGPoint+Constructor.swift"; sourceTree = "<group>"; };
		ABDF490E1E73268A004EEC4C /* float2+Constructor.swift */ = {isa = PBXFileReference; fileEncoding = 4; lastKnownFileType = sourcecode.swift; path = "float2+Constructor.swift"; sourceTree = "<group>"; };
		ABDF49101E732745004EEC4C /* AIRacerMoveBehavior.swift */ = {isa = PBXFileReference; fileEncoding = 4; lastKnownFileType = sourcecode.swift; path = AIRacerMoveBehavior.swift; sourceTree = "<group>"; };
		FA5776371E74FFDC00853225 /* PlayerRacer.swift */ = {isa = PBXFileReference; fileEncoding = 4; lastKnownFileType = sourcecode.swift; path = PlayerRacer.swift; sourceTree = "<group>"; };
		FA5776391E750B9C00853225 /* AgentMoveType.swift */ = {isa = PBXFileReference; fileEncoding = 4; lastKnownFileType = sourcecode.swift; path = AgentMoveType.swift; sourceTree = "<group>"; };
		FAA99D6B1E763F2400F45192 /* Movement.swift */ = {isa = PBXFileReference; fileEncoding = 4; lastKnownFileType = sourcecode.swift; path = Movement.swift; sourceTree = "<group>"; };
/* End PBXFileReference section */

/* Begin PBXFrameworksBuildPhase section */
		2422A1C61E7052F600CE2B84 /* Frameworks */ = {
			isa = PBXFrameworksBuildPhase;
			buildActionMask = 2147483647;
			files = (
			);
			runOnlyForDeploymentPostprocessing = 0;
		};
		2422A1E01E7052F700CE2B84 /* Frameworks */ = {
			isa = PBXFrameworksBuildPhase;
			buildActionMask = 2147483647;
			files = (
			);
			runOnlyForDeploymentPostprocessing = 0;
		};
		2422A1EB1E7052F700CE2B84 /* Frameworks */ = {
			isa = PBXFrameworksBuildPhase;
			buildActionMask = 2147483647;
			files = (
			);
			runOnlyForDeploymentPostprocessing = 0;
		};
/* End PBXFrameworksBuildPhase section */

/* Begin PBXGroup section */
		2422A1C01E7052F600CE2B84 = {
			isa = PBXGroup;
			children = (
				2422A2011E70536700CE2B84 /* Game Classes */,
				248667A71E70E0D200B8CE7D /* Extensions */,
				2422A2081E7055B100CE2B84 /* Constants */,
				2422A20B1E70583600CE2B84 /* Assets */,
				2422A1CB1E7052F600CE2B84 /* Drift */,
				2422A1E61E7052F700CE2B84 /* DriftTests */,
				2422A1F11E7052F700CE2B84 /* DriftUITests */,
				2422A1CA1E7052F600CE2B84 /* Products */,
			);
			sourceTree = "<group>";
		};
		2422A1CA1E7052F600CE2B84 /* Products */ = {
			isa = PBXGroup;
			children = (
				2422A1C91E7052F600CE2B84 /* Drift.app */,
				2422A1E31E7052F700CE2B84 /* DriftTests.xctest */,
				2422A1EE1E7052F700CE2B84 /* DriftUITests.xctest */,
			);
			name = Products;
			sourceTree = "<group>";
		};
		2422A1CB1E7052F600CE2B84 /* Drift */ = {
			isa = PBXGroup;
			children = (
				2422A1CC1E7052F600CE2B84 /* AppDelegate.swift */,
				2422A1D01E7052F600CE2B84 /* Actions.sks */,
				2422A1D41E7052F600CE2B84 /* GameViewController.swift */,
				2422A1D61E7052F600CE2B84 /* Main.storyboard */,
				2422A1D91E7052F600CE2B84 /* Assets.xcassets */,
				2422A1DB1E7052F600CE2B84 /* LaunchScreen.storyboard */,
				2422A1DE1E7052F600CE2B84 /* Info.plist */,
			);
			path = Drift;
			sourceTree = "<group>";
		};
		2422A1E61E7052F700CE2B84 /* DriftTests */ = {
			isa = PBXGroup;
			children = (
				2422A1E71E7052F700CE2B84 /* DriftTests.swift */,
				2422A1E91E7052F700CE2B84 /* Info.plist */,
			);
			path = DriftTests;
			sourceTree = "<group>";
		};
		2422A1F11E7052F700CE2B84 /* DriftUITests */ = {
			isa = PBXGroup;
			children = (
				2422A1F21E7052F700CE2B84 /* DriftUITests.swift */,
				2422A1F41E7052F700CE2B84 /* Info.plist */,
			);
			path = DriftUITests;
			sourceTree = "<group>";
		};
		2422A2001E70535900CE2B84 /* Model */ = {
			isa = PBXGroup;
			children = (
			);
			name = Model;
			sourceTree = "<group>";
		};
		2422A2011E70536700CE2B84 /* Game Classes */ = {
			isa = PBXGroup;
			children = (
				248667AC1E70FBF100B8CE7D /* Components */,
				2422A2021E70537100CE2B84 /* Entities */,
				2422A2041E7053B500CE2B84 /* View */,
				2422A2031E70537800CE2B84 /* Controllers / Managers */,
				2422A2001E70535900CE2B84 /* Model */,
			);
			name = "Game Classes";
			sourceTree = "<group>";
		};
		2422A2021E70537100CE2B84 /* Entities */ = {
			isa = PBXGroup;
			children = (
				248667AD1E70FC7400B8CE7D /* EntityManager.swift */,
				ABDF490A1E730F77004EEC4C /* AIRacer.swift */,
				FA5776371E74FFDC00853225 /* PlayerRacer.swift */,
				24064A141E76C9720006E2D4 /* Laser.swift */,
			);
			name = Entities;
			sourceTree = "<group>";
		};
		2422A2031E70537800CE2B84 /* Controllers / Managers */ = {
			isa = PBXGroup;
			children = (
			);
			name = "Controllers / Managers";
			sourceTree = "<group>";
		};
		2422A2041E7053B500CE2B84 /* View */ = {
			isa = PBXGroup;
			children = (
				248667B51E7105E800B8CE7D /* Sprites */,
				2422A2061E7053EF00CE2B84 /* Scenes */,
				2422A2121E7059B200CE2B84 /* Tiles */,
			);
			name = View;
			sourceTree = "<group>";
		};
		2422A2061E7053EF00CE2B84 /* Scenes */ = {
			isa = PBXGroup;
			children = (
				2422A1CE1E7052F600CE2B84 /* GamePlayScene.sks */,
				2422A1D21E7052F600CE2B84 /* GamePlayScene.swift */,
			);
			name = Scenes;
			sourceTree = "<group>";
		};
		2422A2081E7055B100CE2B84 /* Constants */ = {
			isa = PBXGroup;
			children = (
				2422A2091E7055F100CE2B84 /* Tiles.swift */,
				248667A51E707A4A00B8CE7D /* Sprites.swift */,
				248667B81E7118CD00B8CE7D /* Direction.swift */,
				248667BE1E712E7100B8CE7D /* ColliderType.swift */,
				FAA99D6B1E763F2400F45192 /* Movement.swift */,
				24064A161E76D9670006E2D4 /* Projectiles.swift */,
			);
			name = Constants;
			sourceTree = "<group>";
		};
		2422A20B1E70583600CE2B84 /* Assets */ = {
			isa = PBXGroup;
			children = (
			);
			name = Assets;
			sourceTree = "<group>";
		};
		2422A2121E7059B200CE2B84 /* Tiles */ = {
			isa = PBXGroup;
			children = (
				2422A2131E7059DA00CE2B84 /* BackgroundTiles.sks */,
				2422A2141E7059DA00CE2B84 /* Assets.xcassets */,
			);
			name = Tiles;
			sourceTree = "<group>";
		};
		248667A71E70E0D200B8CE7D /* Extensions */ = {
			isa = PBXGroup;
			children = (
				248667A81E70E0F100B8CE7D /* Int+Random.swift */,
				248667AA1E70F47300B8CE7D /* CGFloat+Operations.swift */,
				248667BA1E711FF800B8CE7D /* CGPath+Constructor.swift */,
				248667C01E71584B00B8CE7D /* CGVector+Operations.swift */,
				ABDF490C1E73262D004EEC4C /* CGPoint+Constructor.swift */,
				ABDF490E1E73268A004EEC4C /* float2+Constructor.swift */,
			);
			name = Extensions;
			sourceTree = "<group>";
		};
		248667AC1E70FBF100B8CE7D /* Components */ = {
			isa = PBXGroup;
			children = (
				248667B11E70FCEB00B8CE7D /* MoveComponent.swift */,
				FA5776391E750B9C00853225 /* AgentMoveType.swift */,
				ABDF49101E732745004EEC4C /* AIRacerMoveBehavior.swift */,
				248667B31E70FCF900B8CE7D /* SpriteComponent.swift */,
				24064A121E76C7530006E2D4 /* FiringComponent.swift */,
			);
			name = Components;
			sourceTree = "<group>";
		};
		248667B51E7105E800B8CE7D /* Sprites */ = {
			isa = PBXGroup;
			children = (
				248667B61E7105FA00B8CE7D /* Vehicle.swift */,
			);
			name = Sprites;
			sourceTree = "<group>";
		};
/* End PBXGroup section */

/* Begin PBXNativeTarget section */
		2422A1C81E7052F600CE2B84 /* Drift */ = {
			isa = PBXNativeTarget;
			buildConfigurationList = 2422A1F71E7052F700CE2B84 /* Build configuration list for PBXNativeTarget "Drift" */;
			buildPhases = (
				2422A1C51E7052F600CE2B84 /* Sources */,
				2422A1C61E7052F600CE2B84 /* Frameworks */,
				2422A1C71E7052F600CE2B84 /* Resources */,
			);
			buildRules = (
			);
			dependencies = (
			);
			name = Drift;
			productName = Drift;
			productReference = 2422A1C91E7052F600CE2B84 /* Drift.app */;
			productType = "com.apple.product-type.application";
		};
		2422A1E21E7052F700CE2B84 /* DriftTests */ = {
			isa = PBXNativeTarget;
			buildConfigurationList = 2422A1FA1E7052F700CE2B84 /* Build configuration list for PBXNativeTarget "DriftTests" */;
			buildPhases = (
				2422A1DF1E7052F700CE2B84 /* Sources */,
				2422A1E01E7052F700CE2B84 /* Frameworks */,
				2422A1E11E7052F700CE2B84 /* Resources */,
			);
			buildRules = (
			);
			dependencies = (
				2422A1E51E7052F700CE2B84 /* PBXTargetDependency */,
			);
			name = DriftTests;
			productName = DriftTests;
			productReference = 2422A1E31E7052F700CE2B84 /* DriftTests.xctest */;
			productType = "com.apple.product-type.bundle.unit-test";
		};
		2422A1ED1E7052F700CE2B84 /* DriftUITests */ = {
			isa = PBXNativeTarget;
			buildConfigurationList = 2422A1FD1E7052F700CE2B84 /* Build configuration list for PBXNativeTarget "DriftUITests" */;
			buildPhases = (
				2422A1EA1E7052F700CE2B84 /* Sources */,
				2422A1EB1E7052F700CE2B84 /* Frameworks */,
				2422A1EC1E7052F700CE2B84 /* Resources */,
			);
			buildRules = (
			);
			dependencies = (
				2422A1F01E7052F700CE2B84 /* PBXTargetDependency */,
			);
			name = DriftUITests;
			productName = DriftUITests;
			productReference = 2422A1EE1E7052F700CE2B84 /* DriftUITests.xctest */;
			productType = "com.apple.product-type.bundle.ui-testing";
		};
/* End PBXNativeTarget section */

/* Begin PBXProject section */
		2422A1C11E7052F600CE2B84 /* Project object */ = {
			isa = PBXProject;
			attributes = {
				LastSwiftUpdateCheck = 0820;
				LastUpgradeCheck = 0820;
				ORGANIZATIONNAME = nus.cs3217.drift;
				TargetAttributes = {
					2422A1C81E7052F600CE2B84 = {
						CreatedOnToolsVersion = 8.2.1;
						DevelopmentTeam = W76H98A34A;
						ProvisioningStyle = Automatic;
					};
					2422A1E21E7052F700CE2B84 = {
						CreatedOnToolsVersion = 8.2.1;
						ProvisioningStyle = Automatic;
						TestTargetID = 2422A1C81E7052F600CE2B84;
					};
					2422A1ED1E7052F700CE2B84 = {
						CreatedOnToolsVersion = 8.2.1;
						ProvisioningStyle = Automatic;
						TestTargetID = 2422A1C81E7052F600CE2B84;
					};
				};
			};
			buildConfigurationList = 2422A1C41E7052F600CE2B84 /* Build configuration list for PBXProject "Drift" */;
			compatibilityVersion = "Xcode 3.2";
			developmentRegion = English;
			hasScannedForEncodings = 0;
			knownRegions = (
				en,
				Base,
			);
			mainGroup = 2422A1C01E7052F600CE2B84;
			productRefGroup = 2422A1CA1E7052F600CE2B84 /* Products */;
			projectDirPath = "";
			projectRoot = "";
			targets = (
				2422A1C81E7052F600CE2B84 /* Drift */,
				2422A1E21E7052F700CE2B84 /* DriftTests */,
				2422A1ED1E7052F700CE2B84 /* DriftUITests */,
			);
		};
/* End PBXProject section */

/* Begin PBXResourcesBuildPhase section */
		2422A1C71E7052F600CE2B84 /* Resources */ = {
			isa = PBXResourcesBuildPhase;
			buildActionMask = 2147483647;
			files = (
				2422A1D81E7052F600CE2B84 /* Main.storyboard in Resources */,
				2422A1CF1E7052F600CE2B84 /* GamePlayScene.sks in Resources */,
				2422A1DA1E7052F600CE2B84 /* Assets.xcassets in Resources */,
				2422A1DD1E7052F600CE2B84 /* LaunchScreen.storyboard in Resources */,
				2422A2151E7059DA00CE2B84 /* BackgroundTiles.sks in Resources */,
				2422A1D11E7052F600CE2B84 /* Actions.sks in Resources */,
				2422A2161E7059DA00CE2B84 /* Assets.xcassets in Resources */,
			);
			runOnlyForDeploymentPostprocessing = 0;
		};
		2422A1E11E7052F700CE2B84 /* Resources */ = {
			isa = PBXResourcesBuildPhase;
			buildActionMask = 2147483647;
			files = (
			);
			runOnlyForDeploymentPostprocessing = 0;
		};
		2422A1EC1E7052F700CE2B84 /* Resources */ = {
			isa = PBXResourcesBuildPhase;
			buildActionMask = 2147483647;
			files = (
			);
			runOnlyForDeploymentPostprocessing = 0;
		};
/* End PBXResourcesBuildPhase section */

/* Begin PBXSourcesBuildPhase section */
		2422A1C51E7052F600CE2B84 /* Sources */ = {
			isa = PBXSourcesBuildPhase;
			buildActionMask = 2147483647;
			files = (
				FA57763A1E750B9C00853225 /* AgentMoveType.swift in Sources */,
				2422A1D31E7052F600CE2B84 /* GamePlayScene.swift in Sources */,
				2422A1D51E7052F600CE2B84 /* GameViewController.swift in Sources */,
				ABDF490F1E73268A004EEC4C /* float2+Constructor.swift in Sources */,
				24064A131E76C7530006E2D4 /* FiringComponent.swift in Sources */,
				248667C11E71584B00B8CE7D /* CGVector+Operations.swift in Sources */,
				24064A171E76D9670006E2D4 /* Projectiles.swift in Sources */,
				248667A61E707A4A00B8CE7D /* Sprites.swift in Sources */,
				2422A1CD1E7052F600CE2B84 /* AppDelegate.swift in Sources */,
				248667A91E70E0F100B8CE7D /* Int+Random.swift in Sources */,
				248667B21E70FCEB00B8CE7D /* MoveComponent.swift in Sources */,
				248667B41E70FCF900B8CE7D /* SpriteComponent.swift in Sources */,
				FAA99D6C1E763F2400F45192 /* Movement.swift in Sources */,
				2422A20A1E7055F100CE2B84 /* Tiles.swift in Sources */,
				FA5776381E74FFDC00853225 /* PlayerRacer.swift in Sources */,
				24064A151E76C9720006E2D4 /* Laser.swift in Sources */,
				248667B71E7105FB00B8CE7D /* Vehicle.swift in Sources */,
				ABDF490D1E73262D004EEC4C /* CGPoint+Constructor.swift in Sources */,
				ABDF49111E732745004EEC4C /* AIRacerMoveBehavior.swift in Sources */,
				248667AE1E70FC7400B8CE7D /* EntityManager.swift in Sources */,
				248667AB1E70F47300B8CE7D /* CGFloat+Operations.swift in Sources */,
				248667B91E7118CD00B8CE7D /* Direction.swift in Sources */,
				248667BB1E711FF900B8CE7D /* CGPath+Constructor.swift in Sources */,
				248667BF1E712E7100B8CE7D /* ColliderType.swift in Sources */,
				ABDF490B1E730F77004EEC4C /* AIRacer.swift in Sources */,
			);
			runOnlyForDeploymentPostprocessing = 0;
		};
		2422A1DF1E7052F700CE2B84 /* Sources */ = {
			isa = PBXSourcesBuildPhase;
			buildActionMask = 2147483647;
			files = (
				2422A1E81E7052F700CE2B84 /* DriftTests.swift in Sources */,
			);
			runOnlyForDeploymentPostprocessing = 0;
		};
		2422A1EA1E7052F700CE2B84 /* Sources */ = {
			isa = PBXSourcesBuildPhase;
			buildActionMask = 2147483647;
			files = (
				2422A1F31E7052F700CE2B84 /* DriftUITests.swift in Sources */,
			);
			runOnlyForDeploymentPostprocessing = 0;
		};
/* End PBXSourcesBuildPhase section */

/* Begin PBXTargetDependency section */
		2422A1E51E7052F700CE2B84 /* PBXTargetDependency */ = {
			isa = PBXTargetDependency;
			target = 2422A1C81E7052F600CE2B84 /* Drift */;
			targetProxy = 2422A1E41E7052F700CE2B84 /* PBXContainerItemProxy */;
		};
		2422A1F01E7052F700CE2B84 /* PBXTargetDependency */ = {
			isa = PBXTargetDependency;
			target = 2422A1C81E7052F600CE2B84 /* Drift */;
			targetProxy = 2422A1EF1E7052F700CE2B84 /* PBXContainerItemProxy */;
		};
/* End PBXTargetDependency section */

/* Begin PBXVariantGroup section */
		2422A1D61E7052F600CE2B84 /* Main.storyboard */ = {
			isa = PBXVariantGroup;
			children = (
				2422A1D71E7052F600CE2B84 /* Base */,
			);
			name = Main.storyboard;
			sourceTree = "<group>";
		};
		2422A1DB1E7052F600CE2B84 /* LaunchScreen.storyboard */ = {
			isa = PBXVariantGroup;
			children = (
				2422A1DC1E7052F600CE2B84 /* Base */,
			);
			name = LaunchScreen.storyboard;
			sourceTree = "<group>";
		};
/* End PBXVariantGroup section */

/* Begin XCBuildConfiguration section */
		2422A1F51E7052F700CE2B84 /* Debug */ = {
			isa = XCBuildConfiguration;
			buildSettings = {
				ALWAYS_SEARCH_USER_PATHS = NO;
				CLANG_ANALYZER_NONNULL = YES;
				CLANG_CXX_LANGUAGE_STANDARD = "gnu++0x";
				CLANG_CXX_LIBRARY = "libc++";
				CLANG_ENABLE_MODULES = YES;
				CLANG_ENABLE_OBJC_ARC = YES;
				CLANG_WARN_BOOL_CONVERSION = YES;
				CLANG_WARN_CONSTANT_CONVERSION = YES;
				CLANG_WARN_DIRECT_OBJC_ISA_USAGE = YES_ERROR;
				CLANG_WARN_DOCUMENTATION_COMMENTS = YES;
				CLANG_WARN_EMPTY_BODY = YES;
				CLANG_WARN_ENUM_CONVERSION = YES;
				CLANG_WARN_INFINITE_RECURSION = YES;
				CLANG_WARN_INT_CONVERSION = YES;
				CLANG_WARN_OBJC_ROOT_CLASS = YES_ERROR;
				CLANG_WARN_SUSPICIOUS_MOVE = YES;
				CLANG_WARN_UNREACHABLE_CODE = YES;
				CLANG_WARN__DUPLICATE_METHOD_MATCH = YES;
				"CODE_SIGN_IDENTITY[sdk=iphoneos*]" = "iPhone Developer";
				COPY_PHASE_STRIP = NO;
				DEBUG_INFORMATION_FORMAT = dwarf;
				ENABLE_STRICT_OBJC_MSGSEND = YES;
				ENABLE_TESTABILITY = YES;
				GCC_C_LANGUAGE_STANDARD = gnu99;
				GCC_DYNAMIC_NO_PIC = NO;
				GCC_NO_COMMON_BLOCKS = YES;
				GCC_OPTIMIZATION_LEVEL = 0;
				GCC_PREPROCESSOR_DEFINITIONS = (
					"DEBUG=1",
					"$(inherited)",
				);
				GCC_WARN_64_TO_32_BIT_CONVERSION = YES;
				GCC_WARN_ABOUT_RETURN_TYPE = YES_ERROR;
				GCC_WARN_UNDECLARED_SELECTOR = YES;
				GCC_WARN_UNINITIALIZED_AUTOS = YES_AGGRESSIVE;
				GCC_WARN_UNUSED_FUNCTION = YES;
				GCC_WARN_UNUSED_VARIABLE = YES;
				IPHONEOS_DEPLOYMENT_TARGET = 10.2;
				MTL_ENABLE_DEBUG_INFO = YES;
				ONLY_ACTIVE_ARCH = YES;
				SDKROOT = iphoneos;
				SWIFT_ACTIVE_COMPILATION_CONDITIONS = DEBUG;
				SWIFT_OPTIMIZATION_LEVEL = "-Onone";
				TARGETED_DEVICE_FAMILY = 2;
			};
			name = Debug;
		};
		2422A1F61E7052F700CE2B84 /* Release */ = {
			isa = XCBuildConfiguration;
			buildSettings = {
				ALWAYS_SEARCH_USER_PATHS = NO;
				CLANG_ANALYZER_NONNULL = YES;
				CLANG_CXX_LANGUAGE_STANDARD = "gnu++0x";
				CLANG_CXX_LIBRARY = "libc++";
				CLANG_ENABLE_MODULES = YES;
				CLANG_ENABLE_OBJC_ARC = YES;
				CLANG_WARN_BOOL_CONVERSION = YES;
				CLANG_WARN_CONSTANT_CONVERSION = YES;
				CLANG_WARN_DIRECT_OBJC_ISA_USAGE = YES_ERROR;
				CLANG_WARN_DOCUMENTATION_COMMENTS = YES;
				CLANG_WARN_EMPTY_BODY = YES;
				CLANG_WARN_ENUM_CONVERSION = YES;
				CLANG_WARN_INFINITE_RECURSION = YES;
				CLANG_WARN_INT_CONVERSION = YES;
				CLANG_WARN_OBJC_ROOT_CLASS = YES_ERROR;
				CLANG_WARN_SUSPICIOUS_MOVE = YES;
				CLANG_WARN_UNREACHABLE_CODE = YES;
				CLANG_WARN__DUPLICATE_METHOD_MATCH = YES;
				"CODE_SIGN_IDENTITY[sdk=iphoneos*]" = "iPhone Developer";
				COPY_PHASE_STRIP = NO;
				DEBUG_INFORMATION_FORMAT = "dwarf-with-dsym";
				ENABLE_NS_ASSERTIONS = NO;
				ENABLE_STRICT_OBJC_MSGSEND = YES;
				GCC_C_LANGUAGE_STANDARD = gnu99;
				GCC_NO_COMMON_BLOCKS = YES;
				GCC_WARN_64_TO_32_BIT_CONVERSION = YES;
				GCC_WARN_ABOUT_RETURN_TYPE = YES_ERROR;
				GCC_WARN_UNDECLARED_SELECTOR = YES;
				GCC_WARN_UNINITIALIZED_AUTOS = YES_AGGRESSIVE;
				GCC_WARN_UNUSED_FUNCTION = YES;
				GCC_WARN_UNUSED_VARIABLE = YES;
				IPHONEOS_DEPLOYMENT_TARGET = 10.2;
				MTL_ENABLE_DEBUG_INFO = NO;
				SDKROOT = iphoneos;
				SWIFT_OPTIMIZATION_LEVEL = "-Owholemodule";
				TARGETED_DEVICE_FAMILY = 2;
				VALIDATE_PRODUCT = YES;
			};
			name = Release;
		};
		2422A1F81E7052F700CE2B84 /* Debug */ = {
			isa = XCBuildConfiguration;
			buildSettings = {
				ASSETCATALOG_COMPILER_APPICON_NAME = AppIcon;
				DEVELOPMENT_TEAM = W76H98A34A;
				INFOPLIST_FILE = Drift/Info.plist;
				IPHONEOS_DEPLOYMENT_TARGET = 10.2;
				LD_RUNPATH_SEARCH_PATHS = "$(inherited) @executable_path/Frameworks";
				PRODUCT_BUNDLE_IDENTIFIER = nus.cs3217.drift.Drifttt;
				PRODUCT_NAME = "$(TARGET_NAME)";
				SWIFT_VERSION = 3.0;
			};
			name = Debug;
		};
		2422A1F91E7052F700CE2B84 /* Release */ = {
			isa = XCBuildConfiguration;
			buildSettings = {
				ASSETCATALOG_COMPILER_APPICON_NAME = AppIcon;
				DEVELOPMENT_TEAM = W76H98A34A;
				INFOPLIST_FILE = Drift/Info.plist;
				IPHONEOS_DEPLOYMENT_TARGET = 10.2;
				LD_RUNPATH_SEARCH_PATHS = "$(inherited) @executable_path/Frameworks";
				PRODUCT_BUNDLE_IDENTIFIER = nus.cs3217.drift.Drifttt;
				PRODUCT_NAME = "$(TARGET_NAME)";
				SWIFT_VERSION = 3.0;
			};
			name = Release;
		};
		2422A1FB1E7052F700CE2B84 /* Debug */ = {
			isa = XCBuildConfiguration;
			buildSettings = {
				ALWAYS_EMBED_SWIFT_STANDARD_LIBRARIES = YES;
				BUNDLE_LOADER = "$(TEST_HOST)";
				INFOPLIST_FILE = DriftTests/Info.plist;
				LD_RUNPATH_SEARCH_PATHS = "$(inherited) @executable_path/Frameworks @loader_path/Frameworks";
				PRODUCT_BUNDLE_IDENTIFIER = nus.cs3217.drift.DriftTests;
				PRODUCT_NAME = "$(TARGET_NAME)";
				SWIFT_VERSION = 3.0;
				TEST_HOST = "$(BUILT_PRODUCTS_DIR)/Drift.app/Drift";
			};
			name = Debug;
		};
		2422A1FC1E7052F700CE2B84 /* Release */ = {
			isa = XCBuildConfiguration;
			buildSettings = {
				ALWAYS_EMBED_SWIFT_STANDARD_LIBRARIES = YES;
				BUNDLE_LOADER = "$(TEST_HOST)";
				INFOPLIST_FILE = DriftTests/Info.plist;
				LD_RUNPATH_SEARCH_PATHS = "$(inherited) @executable_path/Frameworks @loader_path/Frameworks";
				PRODUCT_BUNDLE_IDENTIFIER = nus.cs3217.drift.DriftTests;
				PRODUCT_NAME = "$(TARGET_NAME)";
				SWIFT_VERSION = 3.0;
				TEST_HOST = "$(BUILT_PRODUCTS_DIR)/Drift.app/Drift";
			};
			name = Release;
		};
		2422A1FE1E7052F700CE2B84 /* Debug */ = {
			isa = XCBuildConfiguration;
			buildSettings = {
				ALWAYS_EMBED_SWIFT_STANDARD_LIBRARIES = YES;
				INFOPLIST_FILE = DriftUITests/Info.plist;
				LD_RUNPATH_SEARCH_PATHS = "$(inherited) @executable_path/Frameworks @loader_path/Frameworks";
				PRODUCT_BUNDLE_IDENTIFIER = nus.cs3217.drift.DriftUITests;
				PRODUCT_NAME = "$(TARGET_NAME)";
				SWIFT_VERSION = 3.0;
				TEST_TARGET_NAME = Drift;
			};
			name = Debug;
		};
		2422A1FF1E7052F700CE2B84 /* Release */ = {
			isa = XCBuildConfiguration;
			buildSettings = {
				ALWAYS_EMBED_SWIFT_STANDARD_LIBRARIES = YES;
				INFOPLIST_FILE = DriftUITests/Info.plist;
				LD_RUNPATH_SEARCH_PATHS = "$(inherited) @executable_path/Frameworks @loader_path/Frameworks";
				PRODUCT_BUNDLE_IDENTIFIER = nus.cs3217.drift.DriftUITests;
				PRODUCT_NAME = "$(TARGET_NAME)";
				SWIFT_VERSION = 3.0;
				TEST_TARGET_NAME = Drift;
			};
			name = Release;
		};
/* End XCBuildConfiguration section */

/* Begin XCConfigurationList section */
		2422A1C41E7052F600CE2B84 /* Build configuration list for PBXProject "Drift" */ = {
			isa = XCConfigurationList;
			buildConfigurations = (
				2422A1F51E7052F700CE2B84 /* Debug */,
				2422A1F61E7052F700CE2B84 /* Release */,
			);
			defaultConfigurationIsVisible = 0;
			defaultConfigurationName = Release;
		};
		2422A1F71E7052F700CE2B84 /* Build configuration list for PBXNativeTarget "Drift" */ = {
			isa = XCConfigurationList;
			buildConfigurations = (
				2422A1F81E7052F700CE2B84 /* Debug */,
				2422A1F91E7052F700CE2B84 /* Release */,
			);
			defaultConfigurationIsVisible = 0;
			defaultConfigurationName = Release;
		};
		2422A1FA1E7052F700CE2B84 /* Build configuration list for PBXNativeTarget "DriftTests" */ = {
			isa = XCConfigurationList;
			buildConfigurations = (
				2422A1FB1E7052F700CE2B84 /* Debug */,
				2422A1FC1E7052F700CE2B84 /* Release */,
			);
			defaultConfigurationIsVisible = 0;
			defaultConfigurationName = Release;
		};
		2422A1FD1E7052F700CE2B84 /* Build configuration list for PBXNativeTarget "DriftUITests" */ = {
			isa = XCConfigurationList;
			buildConfigurations = (
				2422A1FE1E7052F700CE2B84 /* Debug */,
				2422A1FF1E7052F700CE2B84 /* Release */,
			);
			defaultConfigurationIsVisible = 0;
			defaultConfigurationName = Release;
		};
/* End XCConfigurationList section */
	};
	rootObject = 2422A1C11E7052F600CE2B84 /* Project object */;
}
