// !$*UTF8*$!
{
	archiveVersion = 1;
	classes = {
	};
	objectVersion = 46;
	objects = {

/* Begin PBXBuildFile section */
		0C21CEBE640B5FEEBBCEF4EA /* Pods_Drift.framework in Frameworks */ = {isa = PBXBuildFile; fileRef = 3391C658124E2CA2FABAF3CE /* Pods_Drift.framework */; };
		24064A131E76C7530006E2D4 /* FiringComponent.swift in Sources */ = {isa = PBXBuildFile; fileRef = 24064A121E76C7530006E2D4 /* FiringComponent.swift */; };
		24064A151E76C9720006E2D4 /* Laser.swift in Sources */ = {isa = PBXBuildFile; fileRef = 24064A141E76C9720006E2D4 /* Laser.swift */; };
		24064A171E76D9670006E2D4 /* Projectiles.swift in Sources */ = {isa = PBXBuildFile; fileRef = 24064A161E76D9670006E2D4 /* Projectiles.swift */; };
		2414DBA41E7A5E09004592DE /* GridTiles.sks in Resources */ = {isa = PBXBuildFile; fileRef = 2414DBA21E7A5E09004592DE /* GridTiles.sks */; };
		2414DBA51E7A5E09004592DE /* Tiles.xcassets in Resources */ = {isa = PBXBuildFile; fileRef = 2414DBA31E7A5E09004592DE /* Tiles.xcassets */; };
		2414DBAC1E7A5EF0004592DE /* GameScene.sks in Resources */ = {isa = PBXBuildFile; fileRef = 2414DBAA1E7A5EF0004592DE /* GameScene.sks */; };
		2414DBAD1E7A5EF0004592DE /* GameScene.swift in Sources */ = {isa = PBXBuildFile; fileRef = 2414DBAB1E7A5EF0004592DE /* GameScene.swift */; };
		2414DBAF1E7A5F6C004592DE /* Sprites.xcassets in Resources */ = {isa = PBXBuildFile; fileRef = 2414DBAE1E7A5F6C004592DE /* Sprites.xcassets */; };
		2422A1CD1E7052F600CE2B84 /* AppDelegate.swift in Sources */ = {isa = PBXBuildFile; fileRef = 2422A1CC1E7052F600CE2B84 /* AppDelegate.swift */; };
		2422A1D11E7052F600CE2B84 /* Actions.sks in Resources */ = {isa = PBXBuildFile; fileRef = 2422A1D01E7052F600CE2B84 /* Actions.sks */; };
		2422A1D51E7052F600CE2B84 /* GameViewController.swift in Sources */ = {isa = PBXBuildFile; fileRef = 2422A1D41E7052F600CE2B84 /* GameViewController.swift */; };
		2422A1D81E7052F600CE2B84 /* Main.storyboard in Resources */ = {isa = PBXBuildFile; fileRef = 2422A1D61E7052F600CE2B84 /* Main.storyboard */; };
		2422A1DD1E7052F600CE2B84 /* LaunchScreen.storyboard in Resources */ = {isa = PBXBuildFile; fileRef = 2422A1DB1E7052F600CE2B84 /* LaunchScreen.storyboard */; };
		2422A1E81E7052F700CE2B84 /* DriftTests.swift in Sources */ = {isa = PBXBuildFile; fileRef = 2422A1E71E7052F700CE2B84 /* DriftTests.swift */; };
		2422A1F31E7052F700CE2B84 /* DriftUITests.swift in Sources */ = {isa = PBXBuildFile; fileRef = 2422A1F21E7052F700CE2B84 /* DriftUITests.swift */; };
		2422A20A1E7055F100CE2B84 /* Tiles.swift in Sources */ = {isa = PBXBuildFile; fileRef = 2422A2091E7055F100CE2B84 /* Tiles.swift */; };
		245E829D1E7AEFBB00B1EC81 /* PedalSprite.swift in Sources */ = {isa = PBXBuildFile; fileRef = 245E829C1E7AEFBB00B1EC81 /* PedalSprite.swift */; };
		248407DC1E7AB80F00ED2C85 /* AnalogStick.swift in Sources */ = {isa = PBXBuildFile; fileRef = 248407DB1E7AB80F00ED2C85 /* AnalogStick.swift */; };
		248667A61E707A4A00B8CE7D /* Sprites.swift in Sources */ = {isa = PBXBuildFile; fileRef = 248667A51E707A4A00B8CE7D /* Sprites.swift */; };
		248667A91E70E0F100B8CE7D /* Int+Random.swift in Sources */ = {isa = PBXBuildFile; fileRef = 248667A81E70E0F100B8CE7D /* Int+Random.swift */; };
		248667AB1E70F47300B8CE7D /* CGFloat+Operations.swift in Sources */ = {isa = PBXBuildFile; fileRef = 248667AA1E70F47300B8CE7D /* CGFloat+Operations.swift */; };
		248667AE1E70FC7400B8CE7D /* EntityManager.swift in Sources */ = {isa = PBXBuildFile; fileRef = 248667AD1E70FC7400B8CE7D /* EntityManager.swift */; };
		248667B21E70FCEB00B8CE7D /* MoveComponent.swift in Sources */ = {isa = PBXBuildFile; fileRef = 248667B11E70FCEB00B8CE7D /* MoveComponent.swift */; };
		248667B41E70FCF900B8CE7D /* SpriteComponent.swift in Sources */ = {isa = PBXBuildFile; fileRef = 248667B31E70FCF900B8CE7D /* SpriteComponent.swift */; };
		248667B71E7105FB00B8CE7D /* VehicleSprite.swift in Sources */ = {isa = PBXBuildFile; fileRef = 248667B61E7105FA00B8CE7D /* VehicleSprite.swift */; };
		248667B91E7118CD00B8CE7D /* Direction.swift in Sources */ = {isa = PBXBuildFile; fileRef = 248667B81E7118CD00B8CE7D /* Direction.swift */; };
		248667BB1E711FF900B8CE7D /* CGPath+Constructor.swift in Sources */ = {isa = PBXBuildFile; fileRef = 248667BA1E711FF800B8CE7D /* CGPath+Constructor.swift */; };
		248667BF1E712E7100B8CE7D /* ColliderType.swift in Sources */ = {isa = PBXBuildFile; fileRef = 248667BE1E712E7100B8CE7D /* ColliderType.swift */; };
		248667C11E71584B00B8CE7D /* CGVector+Operations.swift in Sources */ = {isa = PBXBuildFile; fileRef = 248667C01E71584B00B8CE7D /* CGVector+Operations.swift */; };
		3F60C7B0C3E98EF66C611039 /* Pods_DriftTests.framework in Frameworks */ = {isa = PBXBuildFile; fileRef = A4924B7CAC47825295C284F0 /* Pods_DriftTests.framework */; };
		AB7065D71E7B0E2300E8DFEA /* PowerUp.swift in Sources */ = {isa = PBXBuildFile; fileRef = AB7065D61E7B0E2300E8DFEA /* PowerUp.swift */; };
		AB7065D91E7B0ECD00E8DFEA /* PowerUpSprite.swift in Sources */ = {isa = PBXBuildFile; fileRef = AB7065D81E7B0ECD00E8DFEA /* PowerUpSprite.swift */; };
		AB7065DB1E7B11DF00E8DFEA /* ContactNotifiableType.swift in Sources */ = {isa = PBXBuildFile; fileRef = AB7065DA1E7B11DF00E8DFEA /* ContactNotifiableType.swift */; };
		AB7065DD1E7B1F9500E8DFEA /* PowerUpType.swift in Sources */ = {isa = PBXBuildFile; fileRef = AB7065DC1E7B1F9500E8DFEA /* PowerUpType.swift */; };
		AB7A85701E7C68180086535B /* PowerComponent.swift in Sources */ = {isa = PBXBuildFile; fileRef = AB7A856F1E7C68180086535B /* PowerComponent.swift */; };
		ABDF490B1E730F77004EEC4C /* AIRacer.swift in Sources */ = {isa = PBXBuildFile; fileRef = ABDF490A1E730F77004EEC4C /* AIRacer.swift */; };
		ABDF490D1E73262D004EEC4C /* CGPoint+Constructor.swift in Sources */ = {isa = PBXBuildFile; fileRef = ABDF490C1E73262D004EEC4C /* CGPoint+Constructor.swift */; };
		ABDF490F1E73268A004EEC4C /* float2+Constructor.swift in Sources */ = {isa = PBXBuildFile; fileRef = ABDF490E1E73268A004EEC4C /* float2+Constructor.swift */; };
		ABDF49111E732745004EEC4C /* AIRacerMoveBehavior.swift in Sources */ = {isa = PBXBuildFile; fileRef = ABDF49101E732745004EEC4C /* AIRacerMoveBehavior.swift */; };
		E255B05440CD675103FD08EC /* Pods_DriftUITests.framework in Frameworks */ = {isa = PBXBuildFile; fileRef = 37F92CA2FEE3142001F7063E /* Pods_DriftUITests.framework */; };
		FA00AADA1E776FB300664EF4 /* GameplayConfiguration.swift in Sources */ = {isa = PBXBuildFile; fileRef = FA00AAD91E776FB300664EF4 /* GameplayConfiguration.swift */; };
		FA5776381E74FFDC00853225 /* PlayerRacer.swift in Sources */ = {isa = PBXBuildFile; fileRef = FA5776371E74FFDC00853225 /* PlayerRacer.swift */; };
		FA57763A1E750B9C00853225 /* AgentMoveType.swift in Sources */ = {isa = PBXBuildFile; fileRef = FA5776391E750B9C00853225 /* AgentMoveType.swift */; };
/* End PBXBuildFile section */

/* Begin PBXContainerItemProxy section */
		2422A1E41E7052F700CE2B84 /* PBXContainerItemProxy */ = {
			isa = PBXContainerItemProxy;
			containerPortal = 2422A1C11E7052F600CE2B84 /* Project object */;
			proxyType = 1;
			remoteGlobalIDString = 2422A1C81E7052F600CE2B84;
			remoteInfo = Drift;
		};
		2422A1EF1E7052F700CE2B84 /* PBXContainerItemProxy */ = {
			isa = PBXContainerItemProxy;
			containerPortal = 2422A1C11E7052F600CE2B84 /* Project object */;
			proxyType = 1;
			remoteGlobalIDString = 2422A1C81E7052F600CE2B84;
			remoteInfo = Drift;
		};
/* End PBXContainerItemProxy section */

/* Begin PBXFileReference section */
		24064A121E76C7530006E2D4 /* FiringComponent.swift */ = {isa = PBXFileReference; fileEncoding = 4; lastKnownFileType = sourcecode.swift; path = FiringComponent.swift; sourceTree = "<group>"; };
		24064A141E76C9720006E2D4 /* Laser.swift */ = {isa = PBXFileReference; fileEncoding = 4; lastKnownFileType = sourcecode.swift; name = Laser.swift; path = Entities/Laser.swift; sourceTree = "<group>"; };
		24064A161E76D9670006E2D4 /* Projectiles.swift */ = {isa = PBXFileReference; fileEncoding = 4; lastKnownFileType = sourcecode.swift; name = Projectiles.swift; path = Constants/Projectiles.swift; sourceTree = "<group>"; };
		2414DBA21E7A5E09004592DE /* GridTiles.sks */ = {isa = PBXFileReference; lastKnownFileType = file.sks; name = GridTiles.sks; path = Tiles/GridTiles.sks; sourceTree = "<group>"; };
		2414DBA31E7A5E09004592DE /* Tiles.xcassets */ = {isa = PBXFileReference; lastKnownFileType = folder.assetcatalog; name = Tiles.xcassets; path = Tiles/Tiles.xcassets; sourceTree = "<group>"; };
		2414DBAA1E7A5EF0004592DE /* GameScene.sks */ = {isa = PBXFileReference; lastKnownFileType = file.sks; name = GameScene.sks; path = Drift/GameScene.sks; sourceTree = "<group>"; };
		2414DBAB1E7A5EF0004592DE /* GameScene.swift */ = {isa = PBXFileReference; fileEncoding = 4; lastKnownFileType = sourcecode.swift; name = GameScene.swift; path = Drift/GameScene.swift; sourceTree = "<group>"; };
		2414DBAE1E7A5F6C004592DE /* Sprites.xcassets */ = {isa = PBXFileReference; lastKnownFileType = folder.assetcatalog; path = Sprites.xcassets; sourceTree = "<group>"; };
		2422A1C91E7052F600CE2B84 /* Drift.app */ = {isa = PBXFileReference; explicitFileType = wrapper.application; includeInIndex = 0; path = Drift.app; sourceTree = BUILT_PRODUCTS_DIR; };
		2422A1CC1E7052F600CE2B84 /* AppDelegate.swift */ = {isa = PBXFileReference; lastKnownFileType = sourcecode.swift; path = AppDelegate.swift; sourceTree = "<group>"; };
		2422A1D01E7052F600CE2B84 /* Actions.sks */ = {isa = PBXFileReference; lastKnownFileType = file.sks; path = Actions.sks; sourceTree = "<group>"; };
		2422A1D41E7052F600CE2B84 /* GameViewController.swift */ = {isa = PBXFileReference; lastKnownFileType = sourcecode.swift; path = GameViewController.swift; sourceTree = "<group>"; };
		2422A1D71E7052F600CE2B84 /* Base */ = {isa = PBXFileReference; lastKnownFileType = file.storyboard; name = Base; path = Base.lproj/Main.storyboard; sourceTree = "<group>"; };
		2422A1DC1E7052F600CE2B84 /* Base */ = {isa = PBXFileReference; lastKnownFileType = file.storyboard; name = Base; path = Base.lproj/LaunchScreen.storyboard; sourceTree = "<group>"; };
		2422A1DE1E7052F600CE2B84 /* Info.plist */ = {isa = PBXFileReference; lastKnownFileType = text.plist.xml; path = Info.plist; sourceTree = "<group>"; };
		2422A1E31E7052F700CE2B84 /* DriftTests.xctest */ = {isa = PBXFileReference; explicitFileType = wrapper.cfbundle; includeInIndex = 0; path = DriftTests.xctest; sourceTree = BUILT_PRODUCTS_DIR; };
		2422A1E71E7052F700CE2B84 /* DriftTests.swift */ = {isa = PBXFileReference; lastKnownFileType = sourcecode.swift; path = DriftTests.swift; sourceTree = "<group>"; };
		2422A1E91E7052F700CE2B84 /* Info.plist */ = {isa = PBXFileReference; lastKnownFileType = text.plist.xml; path = Info.plist; sourceTree = "<group>"; };
		2422A1EE1E7052F700CE2B84 /* DriftUITests.xctest */ = {isa = PBXFileReference; explicitFileType = wrapper.cfbundle; includeInIndex = 0; path = DriftUITests.xctest; sourceTree = BUILT_PRODUCTS_DIR; };
		2422A1F21E7052F700CE2B84 /* DriftUITests.swift */ = {isa = PBXFileReference; lastKnownFileType = sourcecode.swift; path = DriftUITests.swift; sourceTree = "<group>"; };
		2422A1F41E7052F700CE2B84 /* Info.plist */ = {isa = PBXFileReference; lastKnownFileType = text.plist.xml; path = Info.plist; sourceTree = "<group>"; };
		2422A2091E7055F100CE2B84 /* Tiles.swift */ = {isa = PBXFileReference; fileEncoding = 4; lastKnownFileType = sourcecode.swift; name = Tiles.swift; path = Constants/Tiles.swift; sourceTree = "<group>"; };
		245E829C1E7AEFBB00B1EC81 /* PedalSprite.swift */ = {isa = PBXFileReference; fileEncoding = 4; lastKnownFileType = sourcecode.swift; name = PedalSprite.swift; path = Sprites/PedalSprite.swift; sourceTree = "<group>"; };
		248407DB1E7AB80F00ED2C85 /* AnalogStick.swift */ = {isa = PBXFileReference; fileEncoding = 4; lastKnownFileType = sourcecode.swift; name = AnalogStick.swift; path = Sprites/AnalogStick.swift; sourceTree = "<group>"; };
		248667A51E707A4A00B8CE7D /* Sprites.swift */ = {isa = PBXFileReference; fileEncoding = 4; lastKnownFileType = sourcecode.swift; name = Sprites.swift; path = Constants/Sprites.swift; sourceTree = "<group>"; };
		248667A81E70E0F100B8CE7D /* Int+Random.swift */ = {isa = PBXFileReference; fileEncoding = 4; lastKnownFileType = sourcecode.swift; name = "Int+Random.swift"; path = "Extensions/Int+Random.swift"; sourceTree = "<group>"; };
		248667AA1E70F47300B8CE7D /* CGFloat+Operations.swift */ = {isa = PBXFileReference; fileEncoding = 4; lastKnownFileType = sourcecode.swift; name = "CGFloat+Operations.swift"; path = "Extensions/CGFloat+Operations.swift"; sourceTree = "<group>"; };
		248667AD1E70FC7400B8CE7D /* EntityManager.swift */ = {isa = PBXFileReference; fileEncoding = 4; lastKnownFileType = sourcecode.swift; name = EntityManager.swift; path = Entities/EntityManager.swift; sourceTree = "<group>"; };
		248667B11E70FCEB00B8CE7D /* MoveComponent.swift */ = {isa = PBXFileReference; fileEncoding = 4; lastKnownFileType = sourcecode.swift; path = MoveComponent.swift; sourceTree = "<group>"; };
		248667B31E70FCF900B8CE7D /* SpriteComponent.swift */ = {isa = PBXFileReference; fileEncoding = 4; lastKnownFileType = sourcecode.swift; path = SpriteComponent.swift; sourceTree = "<group>"; };
		248667B61E7105FA00B8CE7D /* VehicleSprite.swift */ = {isa = PBXFileReference; fileEncoding = 4; lastKnownFileType = sourcecode.swift; name = VehicleSprite.swift; path = Sprites/VehicleSprite.swift; sourceTree = "<group>"; };
		248667B81E7118CD00B8CE7D /* Direction.swift */ = {isa = PBXFileReference; fileEncoding = 4; lastKnownFileType = sourcecode.swift; name = Direction.swift; path = Constants/Direction.swift; sourceTree = "<group>"; };
		248667BA1E711FF800B8CE7D /* CGPath+Constructor.swift */ = {isa = PBXFileReference; fileEncoding = 4; lastKnownFileType = sourcecode.swift; name = "CGPath+Constructor.swift"; path = "Extensions/CGPath+Constructor.swift"; sourceTree = "<group>"; };
		248667BE1E712E7100B8CE7D /* ColliderType.swift */ = {isa = PBXFileReference; fileEncoding = 4; lastKnownFileType = sourcecode.swift; name = ColliderType.swift; path = Constants/ColliderType.swift; sourceTree = "<group>"; };
		248667C01E71584B00B8CE7D /* CGVector+Operations.swift */ = {isa = PBXFileReference; fileEncoding = 4; lastKnownFileType = sourcecode.swift; name = "CGVector+Operations.swift"; path = "Extensions/CGVector+Operations.swift"; sourceTree = "<group>"; };
		3391C658124E2CA2FABAF3CE /* Pods_Drift.framework */ = {isa = PBXFileReference; explicitFileType = wrapper.framework; includeInIndex = 0; path = Pods_Drift.framework; sourceTree = BUILT_PRODUCTS_DIR; };
		37F92CA2FEE3142001F7063E /* Pods_DriftUITests.framework */ = {isa = PBXFileReference; explicitFileType = wrapper.framework; includeInIndex = 0; path = Pods_DriftUITests.framework; sourceTree = BUILT_PRODUCTS_DIR; };
		9497208AE3A551B47C1B79F7 /* Pods-DriftUITests.release.xcconfig */ = {isa = PBXFileReference; includeInIndex = 1; lastKnownFileType = text.xcconfig; name = "Pods-DriftUITests.release.xcconfig"; path = "Pods/Target Support Files/Pods-DriftUITests/Pods-DriftUITests.release.xcconfig"; sourceTree = "<group>"; };
		9D8620FBB6A9799C2B9B346A /* Pods-DriftTests.release.xcconfig */ = {isa = PBXFileReference; includeInIndex = 1; lastKnownFileType = text.xcconfig; name = "Pods-DriftTests.release.xcconfig"; path = "Pods/Target Support Files/Pods-DriftTests/Pods-DriftTests.release.xcconfig"; sourceTree = "<group>"; };
		A4924B7CAC47825295C284F0 /* Pods_DriftTests.framework */ = {isa = PBXFileReference; explicitFileType = wrapper.framework; includeInIndex = 0; path = Pods_DriftTests.framework; sourceTree = BUILT_PRODUCTS_DIR; };
		AB7065D61E7B0E2300E8DFEA /* PowerUp.swift */ = {isa = PBXFileReference; fileEncoding = 4; lastKnownFileType = sourcecode.swift; path = PowerUp.swift; sourceTree = "<group>"; };
		AB7065D81E7B0ECD00E8DFEA /* PowerUpSprite.swift */ = {isa = PBXFileReference; fileEncoding = 4; lastKnownFileType = sourcecode.swift; path = PowerUpSprite.swift; sourceTree = "<group>"; };
		AB7065DA1E7B11DF00E8DFEA /* ContactNotifiableType.swift */ = {isa = PBXFileReference; fileEncoding = 4; lastKnownFileType = sourcecode.swift; path = ContactNotifiableType.swift; sourceTree = "<group>"; };
		AB7065DC1E7B1F9500E8DFEA /* PowerUpType.swift */ = {isa = PBXFileReference; fileEncoding = 4; lastKnownFileType = sourcecode.swift; path = PowerUpType.swift; sourceTree = "<group>"; };
		AB7A856F1E7C68180086535B /* PowerComponent.swift */ = {isa = PBXFileReference; fileEncoding = 4; lastKnownFileType = sourcecode.swift; path = PowerComponent.swift; sourceTree = "<group>"; };
		ABDF490A1E730F77004EEC4C /* AIRacer.swift */ = {isa = PBXFileReference; fileEncoding = 4; lastKnownFileType = sourcecode.swift; name = AIRacer.swift; path = Entities/AIRacer.swift; sourceTree = "<group>"; };
		ABDF490C1E73262D004EEC4C /* CGPoint+Constructor.swift */ = {isa = PBXFileReference; fileEncoding = 4; lastKnownFileType = sourcecode.swift; name = "CGPoint+Constructor.swift"; path = "Extensions/CGPoint+Constructor.swift"; sourceTree = "<group>"; };
		ABDF490E1E73268A004EEC4C /* float2+Constructor.swift */ = {isa = PBXFileReference; fileEncoding = 4; lastKnownFileType = sourcecode.swift; name = "float2+Constructor.swift"; path = "Extensions/float2+Constructor.swift"; sourceTree = "<group>"; };
		ABDF49101E732745004EEC4C /* AIRacerMoveBehavior.swift */ = {isa = PBXFileReference; fileEncoding = 4; lastKnownFileType = sourcecode.swift; path = AIRacerMoveBehavior.swift; sourceTree = "<group>"; };
		BB9E0CF8269D85D08B7F792B /* Pods-DriftUITests.debug.xcconfig */ = {isa = PBXFileReference; includeInIndex = 1; lastKnownFileType = text.xcconfig; name = "Pods-DriftUITests.debug.xcconfig"; path = "Pods/Target Support Files/Pods-DriftUITests/Pods-DriftUITests.debug.xcconfig"; sourceTree = "<group>"; };
		BF2C0047DE9F134E1DE4B100 /* Pods-Drift.release.xcconfig */ = {isa = PBXFileReference; includeInIndex = 1; lastKnownFileType = text.xcconfig; name = "Pods-Drift.release.xcconfig"; path = "Pods/Target Support Files/Pods-Drift/Pods-Drift.release.xcconfig"; sourceTree = "<group>"; };
		C333C6EFDAF087E9633E04BD /* Pods-DriftTests.debug.xcconfig */ = {isa = PBXFileReference; includeInIndex = 1; lastKnownFileType = text.xcconfig; name = "Pods-DriftTests.debug.xcconfig"; path = "Pods/Target Support Files/Pods-DriftTests/Pods-DriftTests.debug.xcconfig"; sourceTree = "<group>"; };
		E30465F43F032650DF3213F6 /* Pods-Drift.debug.xcconfig */ = {isa = PBXFileReference; includeInIndex = 1; lastKnownFileType = text.xcconfig; name = "Pods-Drift.debug.xcconfig"; path = "Pods/Target Support Files/Pods-Drift/Pods-Drift.debug.xcconfig"; sourceTree = "<group>"; };
		FA00AAD91E776FB300664EF4 /* GameplayConfiguration.swift */ = {isa = PBXFileReference; fileEncoding = 4; lastKnownFileType = sourcecode.swift; name = GameplayConfiguration.swift; path = Constants/GameplayConfiguration.swift; sourceTree = "<group>"; };
		FA5776371E74FFDC00853225 /* PlayerRacer.swift */ = {isa = PBXFileReference; fileEncoding = 4; lastKnownFileType = sourcecode.swift; name = PlayerRacer.swift; path = Entities/PlayerRacer.swift; sourceTree = "<group>"; };
		FA5776391E750B9C00853225 /* AgentMoveType.swift */ = {isa = PBXFileReference; fileEncoding = 4; lastKnownFileType = sourcecode.swift; path = AgentMoveType.swift; sourceTree = "<group>"; };
/* End PBXFileReference section */

/* Begin PBXFrameworksBuildPhase section */
		2422A1C61E7052F600CE2B84 /* Frameworks */ = {
			isa = PBXFrameworksBuildPhase;
			buildActionMask = 2147483647;
			files = (
				0C21CEBE640B5FEEBBCEF4EA /* Pods_Drift.framework in Frameworks */,
			);
			runOnlyForDeploymentPostprocessing = 0;
		};
		2422A1E01E7052F700CE2B84 /* Frameworks */ = {
			isa = PBXFrameworksBuildPhase;
			buildActionMask = 2147483647;
			files = (
				3F60C7B0C3E98EF66C611039 /* Pods_DriftTests.framework in Frameworks */,
			);
			runOnlyForDeploymentPostprocessing = 0;
		};
		2422A1EB1E7052F700CE2B84 /* Frameworks */ = {
			isa = PBXFrameworksBuildPhase;
			buildActionMask = 2147483647;
			files = (
				E255B05440CD675103FD08EC /* Pods_DriftUITests.framework in Frameworks */,
			);
			runOnlyForDeploymentPostprocessing = 0;
		};
/* End PBXFrameworksBuildPhase section */

/* Begin PBXGroup section */
		05D0E72F4EA279C03B8A2965 /* Pods */ = {
			isa = PBXGroup;
			children = (
				E30465F43F032650DF3213F6 /* Pods-Drift.debug.xcconfig */,
				BF2C0047DE9F134E1DE4B100 /* Pods-Drift.release.xcconfig */,
				C333C6EFDAF087E9633E04BD /* Pods-DriftTests.debug.xcconfig */,
				9D8620FBB6A9799C2B9B346A /* Pods-DriftTests.release.xcconfig */,
				BB9E0CF8269D85D08B7F792B /* Pods-DriftUITests.debug.xcconfig */,
				9497208AE3A551B47C1B79F7 /* Pods-DriftUITests.release.xcconfig */,
			);
			name = Pods;
			sourceTree = "<group>";
		};
		18B4C1C702BE69EF73048F3F /* Frameworks */ = {
			isa = PBXGroup;
			children = (
				3391C658124E2CA2FABAF3CE /* Pods_Drift.framework */,
				A4924B7CAC47825295C284F0 /* Pods_DriftTests.framework */,
				37F92CA2FEE3142001F7063E /* Pods_DriftUITests.framework */,
			);
			name = Frameworks;
			sourceTree = "<group>";
		};
		2422A1C01E7052F600CE2B84 = {
			isa = PBXGroup;
			children = (
				2422A2011E70536700CE2B84 /* Game Classes */,
				248667A71E70E0D200B8CE7D /* Extensions */,
				2422A2081E7055B100CE2B84 /* Constants */,
				2422A1CB1E7052F600CE2B84 /* Drift */,
				2422A1E61E7052F700CE2B84 /* DriftTests */,
				2422A1F11E7052F700CE2B84 /* DriftUITests */,
				2422A1CA1E7052F600CE2B84 /* Products */,
				05D0E72F4EA279C03B8A2965 /* Pods */,
				18B4C1C702BE69EF73048F3F /* Frameworks */,
			);
			sourceTree = "<group>";
		};
		2422A1CA1E7052F600CE2B84 /* Products */ = {
			isa = PBXGroup;
			children = (
				2422A1C91E7052F600CE2B84 /* Drift.app */,
				2422A1E31E7052F700CE2B84 /* DriftTests.xctest */,
				2422A1EE1E7052F700CE2B84 /* DriftUITests.xctest */,
			);
			name = Products;
			sourceTree = "<group>";
		};
		2422A1CB1E7052F600CE2B84 /* Drift */ = {
			isa = PBXGroup;
			children = (
				2422A1CC1E7052F600CE2B84 /* AppDelegate.swift */,
				2422A1D01E7052F600CE2B84 /* Actions.sks */,
				2422A1D41E7052F600CE2B84 /* GameViewController.swift */,
				2414DBAE1E7A5F6C004592DE /* Sprites.xcassets */,
				2422A1D61E7052F600CE2B84 /* Main.storyboard */,
				2422A1DB1E7052F600CE2B84 /* LaunchScreen.storyboard */,
				2422A1DE1E7052F600CE2B84 /* Info.plist */,
			);
			path = Drift;
			sourceTree = "<group>";
		};
		2422A1E61E7052F700CE2B84 /* DriftTests */ = {
			isa = PBXGroup;
			children = (
				2422A1E71E7052F700CE2B84 /* DriftTests.swift */,
				2422A1E91E7052F700CE2B84 /* Info.plist */,
			);
			path = DriftTests;
			sourceTree = "<group>";
		};
		2422A1F11E7052F700CE2B84 /* DriftUITests */ = {
			isa = PBXGroup;
			children = (
				2422A1F21E7052F700CE2B84 /* DriftUITests.swift */,
				2422A1F41E7052F700CE2B84 /* Info.plist */,
			);
			path = DriftUITests;
			sourceTree = "<group>";
		};
		2422A2001E70535900CE2B84 /* Model */ = {
			isa = PBXGroup;
			children = (
			);
			name = Model;
			sourceTree = "<group>";
		};
		2422A2011E70536700CE2B84 /* Game Classes */ = {
			isa = PBXGroup;
			children = (
				248667AC1E70FBF100B8CE7D /* Components */,
				2422A2021E70537100CE2B84 /* Entities */,
				2422A2041E7053B500CE2B84 /* View */,
				2422A2031E70537800CE2B84 /* Controllers / Managers */,
				2422A2001E70535900CE2B84 /* Model */,
			);
			name = "Game Classes";
			sourceTree = "<group>";
		};
		2422A2021E70537100CE2B84 /* Entities */ = {
			isa = PBXGroup;
			children = (
				248667AD1E70FC7400B8CE7D /* EntityManager.swift */,
				ABDF490A1E730F77004EEC4C /* AIRacer.swift */,
				FA5776371E74FFDC00853225 /* PlayerRacer.swift */,
				AB7065D61E7B0E2300E8DFEA /* PowerUp.swift */,
				24064A141E76C9720006E2D4 /* Laser.swift */,
			);
			name = Entities;
			sourceTree = "<group>";
		};
		2422A2031E70537800CE2B84 /* Controllers / Managers */ = {
			isa = PBXGroup;
			children = (
			);
			name = "Controllers / Managers";
			sourceTree = "<group>";
		};
		2422A2041E7053B500CE2B84 /* View */ = {
			isa = PBXGroup;
			children = (
				248667B51E7105E800B8CE7D /* Sprites */,
				2422A2061E7053EF00CE2B84 /* Scenes */,
				2422A2121E7059B200CE2B84 /* Tiles */,
			);
			name = View;
			sourceTree = "<group>";
		};
		2422A2061E7053EF00CE2B84 /* Scenes */ = {
			isa = PBXGroup;
			children = (
				2414DBAA1E7A5EF0004592DE /* GameScene.sks */,
				2414DBAB1E7A5EF0004592DE /* GameScene.swift */,
			);
			name = Scenes;
			sourceTree = "<group>";
		};
		2422A2081E7055B100CE2B84 /* Constants */ = {
			isa = PBXGroup;
			children = (
				FA00AAD91E776FB300664EF4 /* GameplayConfiguration.swift */,
				2422A2091E7055F100CE2B84 /* Tiles.swift */,
				248667A51E707A4A00B8CE7D /* Sprites.swift */,
				248667B81E7118CD00B8CE7D /* Direction.swift */,
				AB7065DC1E7B1F9500E8DFEA /* PowerUpType.swift */,
				248667BE1E712E7100B8CE7D /* ColliderType.swift */,
				AB7065DA1E7B11DF00E8DFEA /* ContactNotifiableType.swift */,
				24064A161E76D9670006E2D4 /* Projectiles.swift */,
			);
			name = Constants;
			sourceTree = "<group>";
		};
		2422A2121E7059B200CE2B84 /* Tiles */ = {
			isa = PBXGroup;
			children = (
				2414DBA21E7A5E09004592DE /* GridTiles.sks */,
				2414DBA31E7A5E09004592DE /* Tiles.xcassets */,
			);
			name = Tiles;
			sourceTree = "<group>";
		};
		248667A71E70E0D200B8CE7D /* Extensions */ = {
			isa = PBXGroup;
			children = (
				248667A81E70E0F100B8CE7D /* Int+Random.swift */,
				248667AA1E70F47300B8CE7D /* CGFloat+Operations.swift */,
				248667BA1E711FF800B8CE7D /* CGPath+Constructor.swift */,
				248667C01E71584B00B8CE7D /* CGVector+Operations.swift */,
				ABDF490C1E73262D004EEC4C /* CGPoint+Constructor.swift */,
				ABDF490E1E73268A004EEC4C /* float2+Constructor.swift */,
			);
			name = Extensions;
			sourceTree = "<group>";
		};
		248667AC1E70FBF100B8CE7D /* Components */ = {
			isa = PBXGroup;
			children = (
				248667B11E70FCEB00B8CE7D /* MoveComponent.swift */,
				FA5776391E750B9C00853225 /* AgentMoveType.swift */,
				ABDF49101E732745004EEC4C /* AIRacerMoveBehavior.swift */,
				AB7A856F1E7C68180086535B /* PowerComponent.swift */,
				248667B31E70FCF900B8CE7D /* SpriteComponent.swift */,
				24064A121E76C7530006E2D4 /* FiringComponent.swift */,
			);
			path = Components;
			sourceTree = "<group>";
		};
		248667B51E7105E800B8CE7D /* Sprites */ = {
			isa = PBXGroup;
			children = (
				248667B61E7105FA00B8CE7D /* VehicleSprite.swift */,
				248407DB1E7AB80F00ED2C85 /* AnalogStick.swift */,
				AB7065D81E7B0ECD00E8DFEA /* PowerUpSprite.swift */,
				245E829C1E7AEFBB00B1EC81 /* PedalSprite.swift */,
			);
			name = Sprites;
			sourceTree = "<group>";
		};
/* End PBXGroup section */

/* Begin PBXNativeTarget section */
		2422A1C81E7052F600CE2B84 /* Drift */ = {
			isa = PBXNativeTarget;
			buildConfigurationList = 2422A1F71E7052F700CE2B84 /* Build configuration list for PBXNativeTarget "Drift" */;
			buildPhases = (
				55419E59BFB29189868E6230 /* [CP] Check Pods Manifest.lock */,
				2422A1C51E7052F600CE2B84 /* Sources */,
				2422A1C61E7052F600CE2B84 /* Frameworks */,
				2422A1C71E7052F600CE2B84 /* Resources */,
				FA5990471E7A22E100C21F2C /* Run Script */,
				6D5DF1FEAC605208A94BD6FE /* [CP] Embed Pods Frameworks */,
				73B65ED26AA2AD49DF5BB843 /* [CP] Copy Pods Resources */,
			);
			buildRules = (
			);
			dependencies = (
			);
			name = Drift;
			productName = Drift;
			productReference = 2422A1C91E7052F600CE2B84 /* Drift.app */;
			productType = "com.apple.product-type.application";
		};
		2422A1E21E7052F700CE2B84 /* DriftTests */ = {
			isa = PBXNativeTarget;
			buildConfigurationList = 2422A1FA1E7052F700CE2B84 /* Build configuration list for PBXNativeTarget "DriftTests" */;
			buildPhases = (
				F8C638A1EA5A6D91886BDC09 /* [CP] Check Pods Manifest.lock */,
				2422A1DF1E7052F700CE2B84 /* Sources */,
				2422A1E01E7052F700CE2B84 /* Frameworks */,
				2422A1E11E7052F700CE2B84 /* Resources */,
				D525BC69F26F476BEE1FFBAC /* [CP] Embed Pods Frameworks */,
				1BC109A3D821AB44AF9D9CC7 /* [CP] Copy Pods Resources */,
			);
			buildRules = (
			);
			dependencies = (
				2422A1E51E7052F700CE2B84 /* PBXTargetDependency */,
			);
			name = DriftTests;
			productName = DriftTests;
			productReference = 2422A1E31E7052F700CE2B84 /* DriftTests.xctest */;
			productType = "com.apple.product-type.bundle.unit-test";
		};
		2422A1ED1E7052F700CE2B84 /* DriftUITests */ = {
			isa = PBXNativeTarget;
			buildConfigurationList = 2422A1FD1E7052F700CE2B84 /* Build configuration list for PBXNativeTarget "DriftUITests" */;
			buildPhases = (
				FDC2FEF8069B13A04BF8A0A3 /* [CP] Check Pods Manifest.lock */,
				2422A1EA1E7052F700CE2B84 /* Sources */,
				2422A1EB1E7052F700CE2B84 /* Frameworks */,
				2422A1EC1E7052F700CE2B84 /* Resources */,
				FEEC4C44F4BA97893DB3A2BB /* [CP] Embed Pods Frameworks */,
				1F3D79025FD125E821AC56A4 /* [CP] Copy Pods Resources */,
			);
			buildRules = (
			);
			dependencies = (
				2422A1F01E7052F700CE2B84 /* PBXTargetDependency */,
			);
			name = DriftUITests;
			productName = DriftUITests;
			productReference = 2422A1EE1E7052F700CE2B84 /* DriftUITests.xctest */;
			productType = "com.apple.product-type.bundle.ui-testing";
		};
/* End PBXNativeTarget section */

/* Begin PBXProject section */
		2422A1C11E7052F600CE2B84 /* Project object */ = {
			isa = PBXProject;
			attributes = {
				LastSwiftUpdateCheck = 0820;
				LastUpgradeCheck = 0820;
				ORGANIZATIONNAME = nus.cs3217.drift;
				TargetAttributes = {
					2422A1C81E7052F600CE2B84 = {
						CreatedOnToolsVersion = 8.2.1;
						DevelopmentTeam = W76H98A34A;
						ProvisioningStyle = Automatic;
					};
					2422A1E21E7052F700CE2B84 = {
						CreatedOnToolsVersion = 8.2.1;
						ProvisioningStyle = Automatic;
						TestTargetID = 2422A1C81E7052F600CE2B84;
					};
					2422A1ED1E7052F700CE2B84 = {
						CreatedOnToolsVersion = 8.2.1;
						ProvisioningStyle = Automatic;
						TestTargetID = 2422A1C81E7052F600CE2B84;
					};
				};
			};
			buildConfigurationList = 2422A1C41E7052F600CE2B84 /* Build configuration list for PBXProject "Drift" */;
			compatibilityVersion = "Xcode 3.2";
			developmentRegion = English;
			hasScannedForEncodings = 0;
			knownRegions = (
				en,
				Base,
			);
			mainGroup = 2422A1C01E7052F600CE2B84;
			productRefGroup = 2422A1CA1E7052F600CE2B84 /* Products */;
			projectDirPath = "";
			projectRoot = "";
			targets = (
				2422A1C81E7052F600CE2B84 /* Drift */,
				2422A1E21E7052F700CE2B84 /* DriftTests */,
				2422A1ED1E7052F700CE2B84 /* DriftUITests */,
			);
		};
/* End PBXProject section */

/* Begin PBXResourcesBuildPhase section */
		2422A1C71E7052F600CE2B84 /* Resources */ = {
			isa = PBXResourcesBuildPhase;
			buildActionMask = 2147483647;
			files = (
				2422A1D81E7052F600CE2B84 /* Main.storyboard in Resources */,
				2414DBA51E7A5E09004592DE /* Tiles.xcassets in Resources */,
				2422A1DD1E7052F600CE2B84 /* LaunchScreen.storyboard in Resources */,
				2414DBAC1E7A5EF0004592DE /* GameScene.sks in Resources */,
				2422A1D11E7052F600CE2B84 /* Actions.sks in Resources */,
				2414DBAF1E7A5F6C004592DE /* Sprites.xcassets in Resources */,
				2414DBA41E7A5E09004592DE /* GridTiles.sks in Resources */,
			);
			runOnlyForDeploymentPostprocessing = 0;
		};
		2422A1E11E7052F700CE2B84 /* Resources */ = {
			isa = PBXResourcesBuildPhase;
			buildActionMask = 2147483647;
			files = (
			);
			runOnlyForDeploymentPostprocessing = 0;
		};
		2422A1EC1E7052F700CE2B84 /* Resources */ = {
			isa = PBXResourcesBuildPhase;
			buildActionMask = 2147483647;
			files = (
			);
			runOnlyForDeploymentPostprocessing = 0;
		};
/* End PBXResourcesBuildPhase section */

/* Begin PBXShellScriptBuildPhase section */
		1BC109A3D821AB44AF9D9CC7 /* [CP] Copy Pods Resources */ = {
			isa = PBXShellScriptBuildPhase;
			buildActionMask = 2147483647;
			files = (
			);
			inputPaths = (
			);
			name = "[CP] Copy Pods Resources";
			outputPaths = (
			);
			runOnlyForDeploymentPostprocessing = 0;
			shellPath = /bin/sh;
			shellScript = "\"${SRCROOT}/Pods/Target Support Files/Pods-DriftTests/Pods-DriftTests-resources.sh\"\n";
			showEnvVarsInLog = 0;
		};
		1F3D79025FD125E821AC56A4 /* [CP] Copy Pods Resources */ = {
			isa = PBXShellScriptBuildPhase;
			buildActionMask = 2147483647;
			files = (
			);
			inputPaths = (
			);
			name = "[CP] Copy Pods Resources";
			outputPaths = (
			);
			runOnlyForDeploymentPostprocessing = 0;
			shellPath = /bin/sh;
			shellScript = "\"${SRCROOT}/Pods/Target Support Files/Pods-DriftUITests/Pods-DriftUITests-resources.sh\"\n";
			showEnvVarsInLog = 0;
		};
		55419E59BFB29189868E6230 /* [CP] Check Pods Manifest.lock */ = {
			isa = PBXShellScriptBuildPhase;
			buildActionMask = 2147483647;
			files = (
			);
			inputPaths = (
			);
			name = "[CP] Check Pods Manifest.lock";
			outputPaths = (
			);
			runOnlyForDeploymentPostprocessing = 0;
			shellPath = /bin/sh;
			shellScript = "diff \"${PODS_ROOT}/../Podfile.lock\" \"${PODS_ROOT}/Manifest.lock\" > /dev/null\nif [ $? != 0 ] ; then\n    # print error to STDERR\n    echo \"error: The sandbox is not in sync with the Podfile.lock. Run 'pod install' or update your CocoaPods installation.\" >&2\n    exit 1\nfi\n";
			showEnvVarsInLog = 0;
		};
		6D5DF1FEAC605208A94BD6FE /* [CP] Embed Pods Frameworks */ = {
			isa = PBXShellScriptBuildPhase;
			buildActionMask = 2147483647;
			files = (
			);
			inputPaths = (
			);
			name = "[CP] Embed Pods Frameworks";
			outputPaths = (
			);
			runOnlyForDeploymentPostprocessing = 0;
			shellPath = /bin/sh;
			shellScript = "\"${SRCROOT}/Pods/Target Support Files/Pods-Drift/Pods-Drift-frameworks.sh\"\n";
			showEnvVarsInLog = 0;
		};
		73B65ED26AA2AD49DF5BB843 /* [CP] Copy Pods Resources */ = {
			isa = PBXShellScriptBuildPhase;
			buildActionMask = 2147483647;
			files = (
			);
			inputPaths = (
			);
			name = "[CP] Copy Pods Resources";
			outputPaths = (
			);
			runOnlyForDeploymentPostprocessing = 0;
			shellPath = /bin/sh;
			shellScript = "\"${SRCROOT}/Pods/Target Support Files/Pods-Drift/Pods-Drift-resources.sh\"\n";
			showEnvVarsInLog = 0;
		};
		D525BC69F26F476BEE1FFBAC /* [CP] Embed Pods Frameworks */ = {
			isa = PBXShellScriptBuildPhase;
			buildActionMask = 2147483647;
			files = (
			);
			inputPaths = (
			);
			name = "[CP] Embed Pods Frameworks";
			outputPaths = (
			);
			runOnlyForDeploymentPostprocessing = 0;
			shellPath = /bin/sh;
			shellScript = "\"${SRCROOT}/Pods/Target Support Files/Pods-DriftTests/Pods-DriftTests-frameworks.sh\"\n";
			showEnvVarsInLog = 0;
		};
		F8C638A1EA5A6D91886BDC09 /* [CP] Check Pods Manifest.lock */ = {
			isa = PBXShellScriptBuildPhase;
			buildActionMask = 2147483647;
			files = (
			);
			inputPaths = (
			);
			name = "[CP] Check Pods Manifest.lock";
			outputPaths = (
			);
			runOnlyForDeploymentPostprocessing = 0;
			shellPath = /bin/sh;
			shellScript = "diff \"${PODS_ROOT}/../Podfile.lock\" \"${PODS_ROOT}/Manifest.lock\" > /dev/null\nif [ $? != 0 ] ; then\n    # print error to STDERR\n    echo \"error: The sandbox is not in sync with the Podfile.lock. Run 'pod install' or update your CocoaPods installation.\" >&2\n    exit 1\nfi\n";
			showEnvVarsInLog = 0;
		};
		FA5990471E7A22E100C21F2C /* Run Script */ = {
			isa = PBXShellScriptBuildPhase;
			buildActionMask = 2147483647;
			files = (
			);
			inputPaths = (
			);
			name = "Run Script";
			outputPaths = (
			);
			runOnlyForDeploymentPostprocessing = 0;
			shellPath = /bin/sh;
			shellScript = "if which swiftlint >/dev/null; then\nswiftlint\nelse\necho \"error: SwiftLint does not exist, download it from https://github.com/realm/SwiftLint\"\nexit 1\nfi";
		};
		FDC2FEF8069B13A04BF8A0A3 /* [CP] Check Pods Manifest.lock */ = {
			isa = PBXShellScriptBuildPhase;
			buildActionMask = 2147483647;
			files = (
			);
			inputPaths = (
			);
			name = "[CP] Check Pods Manifest.lock";
			outputPaths = (
			);
			runOnlyForDeploymentPostprocessing = 0;
			shellPath = /bin/sh;
			shellScript = "diff \"${PODS_ROOT}/../Podfile.lock\" \"${PODS_ROOT}/Manifest.lock\" > /dev/null\nif [ $? != 0 ] ; then\n    # print error to STDERR\n    echo \"error: The sandbox is not in sync with the Podfile.lock. Run 'pod install' or update your CocoaPods installation.\" >&2\n    exit 1\nfi\n";
			showEnvVarsInLog = 0;
		};
		FEEC4C44F4BA97893DB3A2BB /* [CP] Embed Pods Frameworks */ = {
			isa = PBXShellScriptBuildPhase;
			buildActionMask = 2147483647;
			files = (
			);
			inputPaths = (
			);
			name = "[CP] Embed Pods Frameworks";
			outputPaths = (
			);
			runOnlyForDeploymentPostprocessing = 0;
			shellPath = /bin/sh;
			shellScript = "\"${SRCROOT}/Pods/Target Support Files/Pods-DriftUITests/Pods-DriftUITests-frameworks.sh\"\n";
			showEnvVarsInLog = 0;
		};
/* End PBXShellScriptBuildPhase section */

/* Begin PBXSourcesBuildPhase section */
		2422A1C51E7052F600CE2B84 /* Sources */ = {
			isa = PBXSourcesBuildPhase;
			buildActionMask = 2147483647;
			files = (
				FA57763A1E750B9C00853225 /* AgentMoveType.swift in Sources */,
				2422A1D51E7052F600CE2B84 /* GameViewController.swift in Sources */,
				ABDF490F1E73268A004EEC4C /* float2+Constructor.swift in Sources */,
				24064A131E76C7530006E2D4 /* FiringComponent.swift in Sources */,
				248667C11E71584B00B8CE7D /* CGVector+Operations.swift in Sources */,
				FA00AADA1E776FB300664EF4 /* GameplayConfiguration.swift in Sources */,
				24064A171E76D9670006E2D4 /* Projectiles.swift in Sources */,
				248667A61E707A4A00B8CE7D /* Sprites.swift in Sources */,
				2422A1CD1E7052F600CE2B84 /* AppDelegate.swift in Sources */,
				AB7065DB1E7B11DF00E8DFEA /* ContactNotifiableType.swift in Sources */,
				248667A91E70E0F100B8CE7D /* Int+Random.swift in Sources */,
				248407DC1E7AB80F00ED2C85 /* AnalogStick.swift in Sources */,
				2414DBAD1E7A5EF0004592DE /* GameScene.swift in Sources */,
				248667B21E70FCEB00B8CE7D /* MoveComponent.swift in Sources */,
				248667B41E70FCF900B8CE7D /* SpriteComponent.swift in Sources */,
				AB7A85701E7C68180086535B /* PowerComponent.swift in Sources */,
				2422A20A1E7055F100CE2B84 /* Tiles.swift in Sources */,
				FA5776381E74FFDC00853225 /* PlayerRacer.swift in Sources */,
				AB7065D91E7B0ECD00E8DFEA /* PowerUpSprite.swift in Sources */,
				24064A151E76C9720006E2D4 /* Laser.swift in Sources */,
				248667B71E7105FB00B8CE7D /* VehicleSprite.swift in Sources */,
				ABDF490D1E73262D004EEC4C /* CGPoint+Constructor.swift in Sources */,
				ABDF49111E732745004EEC4C /* AIRacerMoveBehavior.swift in Sources */,
				248667AE1E70FC7400B8CE7D /* EntityManager.swift in Sources */,
				248667AB1E70F47300B8CE7D /* CGFloat+Operations.swift in Sources */,
				AB7065D71E7B0E2300E8DFEA /* PowerUp.swift in Sources */,
				248667B91E7118CD00B8CE7D /* Direction.swift in Sources */,
				248667BB1E711FF900B8CE7D /* CGPath+Constructor.swift in Sources */,
				AB7065DD1E7B1F9500E8DFEA /* PowerUpType.swift in Sources */,
				248667BF1E712E7100B8CE7D /* ColliderType.swift in Sources */,
				245E829D1E7AEFBB00B1EC81 /* PedalSprite.swift in Sources */,
				ABDF490B1E730F77004EEC4C /* AIRacer.swift in Sources */,
			);
			runOnlyForDeploymentPostprocessing = 0;
		};
		2422A1DF1E7052F700CE2B84 /* Sources */ = {
			isa = PBXSourcesBuildPhase;
			buildActionMask = 2147483647;
			files = (
				2422A1E81E7052F700CE2B84 /* DriftTests.swift in Sources */,
			);
			runOnlyForDeploymentPostprocessing = 0;
		};
		2422A1EA1E7052F700CE2B84 /* Sources */ = {
			isa = PBXSourcesBuildPhase;
			buildActionMask = 2147483647;
			files = (
				2422A1F31E7052F700CE2B84 /* DriftUITests.swift in Sources */,
			);
			runOnlyForDeploymentPostprocessing = 0;
		};
/* End PBXSourcesBuildPhase section */

/* Begin PBXTargetDependency section */
		2422A1E51E7052F700CE2B84 /* PBXTargetDependency */ = {
			isa = PBXTargetDependency;
			target = 2422A1C81E7052F600CE2B84 /* Drift */;
			targetProxy = 2422A1E41E7052F700CE2B84 /* PBXContainerItemProxy */;
		};
		2422A1F01E7052F700CE2B84 /* PBXTargetDependency */ = {
			isa = PBXTargetDependency;
			target = 2422A1C81E7052F600CE2B84 /* Drift */;
			targetProxy = 2422A1EF1E7052F700CE2B84 /* PBXContainerItemProxy */;
		};
/* End PBXTargetDependency section */

/* Begin PBXVariantGroup section */
		2422A1D61E7052F600CE2B84 /* Main.storyboard */ = {
			isa = PBXVariantGroup;
			children = (
				2422A1D71E7052F600CE2B84 /* Base */,
			);
			name = Main.storyboard;
			sourceTree = "<group>";
		};
		2422A1DB1E7052F600CE2B84 /* LaunchScreen.storyboard */ = {
			isa = PBXVariantGroup;
			children = (
				2422A1DC1E7052F600CE2B84 /* Base */,
			);
			name = LaunchScreen.storyboard;
			sourceTree = "<group>";
		};
/* End PBXVariantGroup section */

/* Begin XCBuildConfiguration section */
		2422A1F51E7052F700CE2B84 /* Debug */ = {
			isa = XCBuildConfiguration;
			buildSettings = {
				ALWAYS_SEARCH_USER_PATHS = NO;
				CLANG_ANALYZER_NONNULL = YES;
				CLANG_CXX_LANGUAGE_STANDARD = "gnu++0x";
				CLANG_CXX_LIBRARY = "libc++";
				CLANG_ENABLE_MODULES = YES;
				CLANG_ENABLE_OBJC_ARC = YES;
				CLANG_WARN_BOOL_CONVERSION = YES;
				CLANG_WARN_CONSTANT_CONVERSION = YES;
				CLANG_WARN_DIRECT_OBJC_ISA_USAGE = YES_ERROR;
				CLANG_WARN_DOCUMENTATION_COMMENTS = YES;
				CLANG_WARN_EMPTY_BODY = YES;
				CLANG_WARN_ENUM_CONVERSION = YES;
				CLANG_WARN_INFINITE_RECURSION = YES;
				CLANG_WARN_INT_CONVERSION = YES;
				CLANG_WARN_OBJC_ROOT_CLASS = YES_ERROR;
				CLANG_WARN_SUSPICIOUS_MOVE = YES;
				CLANG_WARN_UNREACHABLE_CODE = YES;
				CLANG_WARN__DUPLICATE_METHOD_MATCH = YES;
				"CODE_SIGN_IDENTITY[sdk=iphoneos*]" = "iPhone Developer";
				COPY_PHASE_STRIP = NO;
				DEBUG_INFORMATION_FORMAT = dwarf;
				ENABLE_STRICT_OBJC_MSGSEND = YES;
				ENABLE_TESTABILITY = YES;
				GCC_C_LANGUAGE_STANDARD = gnu99;
				GCC_DYNAMIC_NO_PIC = NO;
				GCC_NO_COMMON_BLOCKS = YES;
				GCC_OPTIMIZATION_LEVEL = 0;
				GCC_PREPROCESSOR_DEFINITIONS = (
					"DEBUG=1",
					"$(inherited)",
				);
				GCC_WARN_64_TO_32_BIT_CONVERSION = YES;
				GCC_WARN_ABOUT_RETURN_TYPE = YES_ERROR;
				GCC_WARN_UNDECLARED_SELECTOR = YES;
				GCC_WARN_UNINITIALIZED_AUTOS = YES_AGGRESSIVE;
				GCC_WARN_UNUSED_FUNCTION = YES;
				GCC_WARN_UNUSED_VARIABLE = YES;
				IPHONEOS_DEPLOYMENT_TARGET = 10.2;
				MTL_ENABLE_DEBUG_INFO = YES;
				ONLY_ACTIVE_ARCH = YES;
				SDKROOT = iphoneos;
				SWIFT_ACTIVE_COMPILATION_CONDITIONS = DEBUG;
				SWIFT_OPTIMIZATION_LEVEL = "-Onone";
				TARGETED_DEVICE_FAMILY = 2;
			};
			name = Debug;
		};
		2422A1F61E7052F700CE2B84 /* Release */ = {
			isa = XCBuildConfiguration;
			buildSettings = {
				ALWAYS_SEARCH_USER_PATHS = NO;
				CLANG_ANALYZER_NONNULL = YES;
				CLANG_CXX_LANGUAGE_STANDARD = "gnu++0x";
				CLANG_CXX_LIBRARY = "libc++";
				CLANG_ENABLE_MODULES = YES;
				CLANG_ENABLE_OBJC_ARC = YES;
				CLANG_WARN_BOOL_CONVERSION = YES;
				CLANG_WARN_CONSTANT_CONVERSION = YES;
				CLANG_WARN_DIRECT_OBJC_ISA_USAGE = YES_ERROR;
				CLANG_WARN_DOCUMENTATION_COMMENTS = YES;
				CLANG_WARN_EMPTY_BODY = YES;
				CLANG_WARN_ENUM_CONVERSION = YES;
				CLANG_WARN_INFINITE_RECURSION = YES;
				CLANG_WARN_INT_CONVERSION = YES;
				CLANG_WARN_OBJC_ROOT_CLASS = YES_ERROR;
				CLANG_WARN_SUSPICIOUS_MOVE = YES;
				CLANG_WARN_UNREACHABLE_CODE = YES;
				CLANG_WARN__DUPLICATE_METHOD_MATCH = YES;
				"CODE_SIGN_IDENTITY[sdk=iphoneos*]" = "iPhone Developer";
				COPY_PHASE_STRIP = NO;
				DEBUG_INFORMATION_FORMAT = "dwarf-with-dsym";
				ENABLE_NS_ASSERTIONS = NO;
				ENABLE_STRICT_OBJC_MSGSEND = YES;
				GCC_C_LANGUAGE_STANDARD = gnu99;
				GCC_NO_COMMON_BLOCKS = YES;
				GCC_WARN_64_TO_32_BIT_CONVERSION = YES;
				GCC_WARN_ABOUT_RETURN_TYPE = YES_ERROR;
				GCC_WARN_UNDECLARED_SELECTOR = YES;
				GCC_WARN_UNINITIALIZED_AUTOS = YES_AGGRESSIVE;
				GCC_WARN_UNUSED_FUNCTION = YES;
				GCC_WARN_UNUSED_VARIABLE = YES;
				IPHONEOS_DEPLOYMENT_TARGET = 10.2;
				MTL_ENABLE_DEBUG_INFO = NO;
				SDKROOT = iphoneos;
				SWIFT_OPTIMIZATION_LEVEL = "-Owholemodule";
				TARGETED_DEVICE_FAMILY = 2;
				VALIDATE_PRODUCT = YES;
			};
			name = Release;
		};
		2422A1F81E7052F700CE2B84 /* Debug */ = {
			isa = XCBuildConfiguration;
			baseConfigurationReference = E30465F43F032650DF3213F6 /* Pods-Drift.debug.xcconfig */;
			buildSettings = {
				ASSETCATALOG_COMPILER_APPICON_NAME = AppIcon;
				DEVELOPMENT_TEAM = W76H98A34A;
				INFOPLIST_FILE = Drift/Info.plist;
				IPHONEOS_DEPLOYMENT_TARGET = 10.2;
				LD_RUNPATH_SEARCH_PATHS = "$(inherited) @executable_path/Frameworks";
				PRODUCT_BUNDLE_IDENTIFIER = nus.cs3217.drift.Drifttt;
				PRODUCT_NAME = "$(TARGET_NAME)";
				SWIFT_VERSION = 3.0;
			};
			name = Debug;
		};
		2422A1F91E7052F700CE2B84 /* Release */ = {
			isa = XCBuildConfiguration;
			baseConfigurationReference = BF2C0047DE9F134E1DE4B100 /* Pods-Drift.release.xcconfig */;
			buildSettings = {
				ASSETCATALOG_COMPILER_APPICON_NAME = AppIcon;
				DEVELOPMENT_TEAM = W76H98A34A;
				INFOPLIST_FILE = Drift/Info.plist;
				IPHONEOS_DEPLOYMENT_TARGET = 10.2;
				LD_RUNPATH_SEARCH_PATHS = "$(inherited) @executable_path/Frameworks";
				PRODUCT_BUNDLE_IDENTIFIER = nus.cs3217.drift.Drifttt;
				PRODUCT_NAME = "$(TARGET_NAME)";
				SWIFT_VERSION = 3.0;
			};
			name = Release;
		};
		2422A1FB1E7052F700CE2B84 /* Debug */ = {
			isa = XCBuildConfiguration;
			baseConfigurationReference = C333C6EFDAF087E9633E04BD /* Pods-DriftTests.debug.xcconfig */;
			buildSettings = {
				ALWAYS_EMBED_SWIFT_STANDARD_LIBRARIES = YES;
				BUNDLE_LOADER = "$(TEST_HOST)";
				INFOPLIST_FILE = DriftTests/Info.plist;
				LD_RUNPATH_SEARCH_PATHS = "$(inherited) @executable_path/Frameworks @loader_path/Frameworks";
				PRODUCT_BUNDLE_IDENTIFIER = nus.cs3217.drift.DriftTests;
				PRODUCT_NAME = "$(TARGET_NAME)";
				SWIFT_VERSION = 3.0;
				TEST_HOST = "$(BUILT_PRODUCTS_DIR)/Drift.app/Drift";
			};
			name = Debug;
		};
		2422A1FC1E7052F700CE2B84 /* Release */ = {
			isa = XCBuildConfiguration;
			baseConfigurationReference = 9D8620FBB6A9799C2B9B346A /* Pods-DriftTests.release.xcconfig */;
			buildSettings = {
				ALWAYS_EMBED_SWIFT_STANDARD_LIBRARIES = YES;
				BUNDLE_LOADER = "$(TEST_HOST)";
				INFOPLIST_FILE = DriftTests/Info.plist;
				LD_RUNPATH_SEARCH_PATHS = "$(inherited) @executable_path/Frameworks @loader_path/Frameworks";
				PRODUCT_BUNDLE_IDENTIFIER = nus.cs3217.drift.DriftTests;
				PRODUCT_NAME = "$(TARGET_NAME)";
				SWIFT_VERSION = 3.0;
				TEST_HOST = "$(BUILT_PRODUCTS_DIR)/Drift.app/Drift";
			};
			name = Release;
		};
		2422A1FE1E7052F700CE2B84 /* Debug */ = {
			isa = XCBuildConfiguration;
			baseConfigurationReference = BB9E0CF8269D85D08B7F792B /* Pods-DriftUITests.debug.xcconfig */;
			buildSettings = {
				ALWAYS_EMBED_SWIFT_STANDARD_LIBRARIES = YES;
				INFOPLIST_FILE = DriftUITests/Info.plist;
				LD_RUNPATH_SEARCH_PATHS = "$(inherited) @executable_path/Frameworks @loader_path/Frameworks";
				PRODUCT_BUNDLE_IDENTIFIER = nus.cs3217.drift.DriftUITests;
				PRODUCT_NAME = "$(TARGET_NAME)";
				SWIFT_VERSION = 3.0;
				TEST_TARGET_NAME = Drift;
			};
			name = Debug;
		};
		2422A1FF1E7052F700CE2B84 /* Release */ = {
			isa = XCBuildConfiguration;
			baseConfigurationReference = 9497208AE3A551B47C1B79F7 /* Pods-DriftUITests.release.xcconfig */;
			buildSettings = {
				ALWAYS_EMBED_SWIFT_STANDARD_LIBRARIES = YES;
				INFOPLIST_FILE = DriftUITests/Info.plist;
				LD_RUNPATH_SEARCH_PATHS = "$(inherited) @executable_path/Frameworks @loader_path/Frameworks";
				PRODUCT_BUNDLE_IDENTIFIER = nus.cs3217.drift.DriftUITests;
				PRODUCT_NAME = "$(TARGET_NAME)";
				SWIFT_VERSION = 3.0;
				TEST_TARGET_NAME = Drift;
			};
			name = Release;
		};
/* End XCBuildConfiguration section */

/* Begin XCConfigurationList section */
		2422A1C41E7052F600CE2B84 /* Build configuration list for PBXProject "Drift" */ = {
			isa = XCConfigurationList;
			buildConfigurations = (
				2422A1F51E7052F700CE2B84 /* Debug */,
				2422A1F61E7052F700CE2B84 /* Release */,
			);
			defaultConfigurationIsVisible = 0;
			defaultConfigurationName = Release;
		};
		2422A1F71E7052F700CE2B84 /* Build configuration list for PBXNativeTarget "Drift" */ = {
			isa = XCConfigurationList;
			buildConfigurations = (
				2422A1F81E7052F700CE2B84 /* Debug */,
				2422A1F91E7052F700CE2B84 /* Release */,
			);
			defaultConfigurationIsVisible = 0;
			defaultConfigurationName = Release;
		};
		2422A1FA1E7052F700CE2B84 /* Build configuration list for PBXNativeTarget "DriftTests" */ = {
			isa = XCConfigurationList;
			buildConfigurations = (
				2422A1FB1E7052F700CE2B84 /* Debug */,
				2422A1FC1E7052F700CE2B84 /* Release */,
			);
			defaultConfigurationIsVisible = 0;
			defaultConfigurationName = Release;
		};
		2422A1FD1E7052F700CE2B84 /* Build configuration list for PBXNativeTarget "DriftUITests" */ = {
			isa = XCConfigurationList;
			buildConfigurations = (
				2422A1FE1E7052F700CE2B84 /* Debug */,
				2422A1FF1E7052F700CE2B84 /* Release */,
			);
			defaultConfigurationIsVisible = 0;
			defaultConfigurationName = Release;
		};
/* End XCConfigurationList section */
	};
	rootObject = 2422A1C11E7052F600CE2B84 /* Project object */;
}
